{
  "version": 4,
  "terraform_version": "1.3.0",
  "serial": 145,
  "lineage": "80f52f80-5cfc-2a57-ad9f-3d73887aa747",
  "outputs": {
    "public_ip": {
      "value": "35.194.11.83",
      "type": "string"
    }
  },
  "resources": [
    {
      "mode": "data",
      "type": "google_client_openid_userinfo",
      "name": "me",
      "provider": "provider[\"registry.terraform.io/hashicorp/google\"]",
      "instances": [
        {
          "schema_version": 0,
          "attributes": {
            "email": "namanjain7206@gmail.com",
            "id": "namanjain7206@gmail.com"
          },
          "sensitive_attributes": []
        }
      ]
    },
    {
      "mode": "managed",
      "type": "google_compute_address",
      "name": "static_ip",
      "provider": "provider[\"registry.terraform.io/hashicorp/google\"]",
      "instances": [
        {
          "schema_version": 0,
          "attributes": {
            "address": "35.194.11.83",
            "address_type": "EXTERNAL",
            "creation_timestamp": "2022-09-28T21:25:40.708-07:00",
            "description": "",
            "id": "projects/gcp-testo1/regions/us-central1/addresses/terraform-created-vm",
            "name": "terraform-created-vm",
            "network": "",
            "network_tier": "PREMIUM",
            "prefix_length": 0,
            "project": "gcp-testo1",
            "purpose": "",
            "region": "us-central1",
            "self_link": "https://www.googleapis.com/compute/v1/projects/gcp-testo1/regions/us-central1/addresses/terraform-created-vm",
            "subnetwork": "",
            "timeouts": null,
            "users": [
              "https://www.googleapis.com/compute/v1/projects/gcp-testo1/zones/us-central1-c/instances/terraform-instance-1"
            ]
          },
          "sensitive_attributes": [],
          "private": "eyJlMmJmYjczMC1lY2FhLTExZTYtOGY4OC0zNDM2M2JjN2M0YzAiOnsiY3JlYXRlIjoxMjAwMDAwMDAwMDAwLCJkZWxldGUiOjEyMDAwMDAwMDAwMDB9fQ=="
        }
      ]
    },
    {
      "mode": "managed",
      "type": "google_compute_firewall",
      "name": "ansible-fw-1",
      "provider": "provider[\"registry.terraform.io/hashicorp/google\"]",
      "instances": [
        {
          "schema_version": 1,
          "attributes": {
            "allow": [
              {
                "ports": [
                  "80",
                  "8080",
                  "22"
                ],
                "protocol": "tcp"
              },
              {
                "ports": [],
                "protocol": "icmp"
              }
            ],
            "creation_timestamp": "2022-09-28T21:25:51.714-07:00",
            "deny": [],
            "description": "",
            "destination_ranges": [],
            "direction": "INGRESS",
            "disabled": false,
            "enable_logging": null,
            "id": "projects/gcp-testo1/global/firewalls/test-firewall",
            "log_config": [],
            "name": "test-firewall",
            "network": "https://www.googleapis.com/compute/v1/projects/gcp-testo1/global/networks/test-network",
            "priority": 1000,
            "project": "gcp-testo1",
            "self_link": "https://www.googleapis.com/compute/v1/projects/gcp-testo1/global/firewalls/test-firewall",
            "source_ranges": [
              "0.0.0.0/0"
            ],
            "source_service_accounts": [],
            "source_tags": [],
            "target_service_accounts": [],
            "target_tags": [
              "allow-ssh"
            ],
            "timeouts": null
          },
          "sensitive_attributes": [],
          "private": "eyJlMmJmYjczMC1lY2FhLTExZTYtOGY4OC0zNDM2M2JjN2M0YzAiOnsiY3JlYXRlIjoxMjAwMDAwMDAwMDAwLCJkZWxldGUiOjEyMDAwMDAwMDAwMDAsInVwZGF0ZSI6MTIwMDAwMDAwMDAwMH0sInNjaGVtYV92ZXJzaW9uIjoiMSJ9",
          "dependencies": [
            "google_compute_network.custom-test"
          ]
        }
      ]
    },
    {
      "mode": "managed",
      "type": "google_compute_instance",
      "name": "vm_instance",
      "provider": "provider[\"registry.terraform.io/hashicorp/google\"]",
      "instances": [
        {
          "schema_version": 6,
          "attributes": {
            "advanced_machine_features": [],
            "allow_stopping_for_update": null,
            "attached_disk": [],
            "boot_disk": [
              {
                "auto_delete": true,
                "device_name": "persistent-disk-0",
                "disk_encryption_key_raw": "",
                "disk_encryption_key_sha256": "",
                "initialize_params": [
                  {
                    "image": "https://www.googleapis.com/compute/v1/projects/ubuntu-os-pro-cloud/global/images/ubuntu-pro-2004-focal-v20220905",
                    "labels": {},
                    "size": 10,
                    "type": "pd-standard"
                  }
                ],
                "kms_key_self_link": "",
                "mode": "READ_WRITE",
                "source": "https://www.googleapis.com/compute/v1/projects/gcp-testo1/zones/us-central1-c/disks/terraform-instance-1"
              }
            ],
            "can_ip_forward": false,
            "confidential_instance_config": [],
            "cpu_platform": "Intel Broadwell",
            "current_status": "RUNNING",
            "deletion_protection": false,
            "description": "",
            "desired_status": null,
            "enable_display": false,
            "guest_accelerator": [],
            "hostname": "",
            "id": "projects/gcp-testo1/zones/us-central1-c/instances/terraform-instance-1",
            "instance_id": "9015381948009812372",
            "label_fingerprint": "42WmSpB8rSM=",
            "labels": null,
            "machine_type": "e2-micro",
            "metadata": {
              "ssh-keys": "ansible:ssh-rsa AAAAB3NzaC1yc2EAAAADAQABAAACAQCsT6KzcublB4bY2XrZBSt9ldoL8Gx2SABwS543p+WFIpxYcSjJ7LM8h6QcaG/IepwkH3W3ilvFyyR4wGbUBF94QmFYe3VbfkEyXfjZX8dWoHnXcpByRWLNso/DjpxliQBgf8u3IfPRhmevyTXeEPnbuSs92514BiAIkDlGjhkAGLamDqkwj07thkfRNMMHEdPX9zb5/HTReDs7AsgOKGpg7I4ZBaG4lmHjVGSgzP73eeQh7tEOojWNODDpaA3pV0hWR+md1Kpe0KO+Qz86Z/0iDh4Fp//MSsih/KNJzIZfPlh3viBu81R23E+cPrF7genE7+eI7Q7PC4icgrXfKIO52pKBKAoZfNP+uGSlTQSSbF2LotFx0JCxo1hyJOQj6lcSxGSYqmLlShTKd3//VSr3hb5rNi4Mu4f/Sdk3N9hT8ikOGKKVw0/XwWpJpFr/6Tzap5BdpAJrvPlXjFtwQgL8sfH/z36slxp0Yi/59LCvPlQr5QWMRa3VBoPMf1dRCPD6mm4OpXRZd9oBZOpXXZh7YYVLX0o1u3yn56KdR1jUws6isCUtRvAvtrA3POOnfV7QHyz6Yu7nWLHH3ktTNh9wgeJaDxdMPEpgdXTckAYKV3hstYjmTrnUwM+SDsXNLrhPd7Wn7LCewBFTFdbiLw/VmiWKUljs05kXogPIa73vWw==\n"
            },
            "metadata_fingerprint": "MTCS9I-OiUI=",
            "metadata_startup_script": null,
            "min_cpu_platform": "",
            "name": "terraform-instance-1",
            "network_interface": [
              {
                "access_config": [
                  {
                    "nat_ip": "35.194.11.83",
                    "network_tier": "PREMIUM",
                    "public_ptr_domain_name": ""
                  }
                ],
                "alias_ip_range": [],
                "ipv6_access_config": [],
                "ipv6_access_type": "",
                "name": "nic0",
                "network": "https://www.googleapis.com/compute/v1/projects/gcp-testo1/global/networks/test-network",
                "network_ip": "10.2.0.10",
                "nic_type": "",
                "queue_count": 0,
                "stack_type": "IPV4_ONLY",
                "subnetwork": "https://www.googleapis.com/compute/v1/projects/gcp-testo1/regions/us-central1/subnetworks/test-subnetwork",
                "subnetwork_project": "gcp-testo1"
              }
            ],
            "project": "gcp-testo1",
            "reservation_affinity": [],
            "resource_policies": null,
            "scheduling": [
              {
                "automatic_restart": true,
                "instance_termination_action": "",
                "min_node_cpus": 0,
                "node_affinities": [],
                "on_host_maintenance": "MIGRATE",
                "preemptible": false,
                "provisioning_model": "STANDARD"
              }
            ],
            "scratch_disk": [],
            "self_link": "https://www.googleapis.com/compute/v1/projects/gcp-testo1/zones/us-central1-c/instances/terraform-instance-1",
            "service_account": [],
            "shielded_instance_config": [
              {
                "enable_integrity_monitoring": true,
                "enable_secure_boot": false,
                "enable_vtpm": true
              }
            ],
            "tags": [
              "allow-ssh"
            ],
            "tags_fingerprint": "SFX9LNAOdG8=",
            "timeouts": null,
            "zone": "us-central1-c"
          },
          "sensitive_attributes": [],
          "private": "eyJlMmJmYjczMC1lY2FhLTExZTYtOGY4OC0zNDM2M2JjN2M0YzAiOnsiY3JlYXRlIjoxMjAwMDAwMDAwMDAwLCJkZWxldGUiOjEyMDAwMDAwMDAwMDAsInVwZGF0ZSI6MTIwMDAwMDAwMDAwMH0sInNjaGVtYV92ZXJzaW9uIjoiNiJ9",
          "dependencies": [
            "google_compute_address.static_ip",
            "google_compute_network.custom-test",
            "google_compute_subnetwork.network-1",
            "tls_private_key.ssh"
          ]
        }
      ]
    },
    {
      "mode": "managed",
      "type": "google_compute_instance",
      "name": "vm_instance-2",
      "provider": "provider[\"registry.terraform.io/hashicorp/google\"]",
      "instances": [
        {
          "schema_version": 6,
          "attributes": {
            "advanced_machine_features": [],
            "allow_stopping_for_update": null,
            "attached_disk": [],
            "boot_disk": [
              {
                "auto_delete": true,
                "device_name": "persistent-disk-0",
                "disk_encryption_key_raw": "",
                "disk_encryption_key_sha256": "",
                "initialize_params": [
                  {
                    "image": "https://www.googleapis.com/compute/v1/projects/ubuntu-os-pro-cloud/global/images/ubuntu-pro-2004-focal-v20220905",
                    "labels": {},
                    "size": 10,
                    "type": "pd-standard"
                  }
                ],
                "kms_key_self_link": "",
                "mode": "READ_WRITE",
                "source": "https://www.googleapis.com/compute/v1/projects/gcp-testo1/zones/us-central1-c/disks/terraform-instance-2"
              }
            ],
            "can_ip_forward": false,
            "confidential_instance_config": [],
            "cpu_platform": "Intel Broadwell",
            "current_status": "RUNNING",
            "deletion_protection": false,
            "description": "",
            "desired_status": null,
            "enable_display": false,
            "guest_accelerator": [],
            "hostname": "",
            "id": "projects/gcp-testo1/zones/us-central1-c/instances/terraform-instance-2",
            "instance_id": "8651110137955094932",
            "label_fingerprint": "42WmSpB8rSM=",
            "labels": null,
            "machine_type": "e2-micro",
            "metadata": {
              "ssh-keys": "ansible:ssh-rsa AAAAB3NzaC1yc2EAAAADAQABAAACAQCsT6KzcublB4bY2XrZBSt9ldoL8Gx2SABwS543p+WFIpxYcSjJ7LM8h6QcaG/IepwkH3W3ilvFyyR4wGbUBF94QmFYe3VbfkEyXfjZX8dWoHnXcpByRWLNso/DjpxliQBgf8u3IfPRhmevyTXeEPnbuSs92514BiAIkDlGjhkAGLamDqkwj07thkfRNMMHEdPX9zb5/HTReDs7AsgOKGpg7I4ZBaG4lmHjVGSgzP73eeQh7tEOojWNODDpaA3pV0hWR+md1Kpe0KO+Qz86Z/0iDh4Fp//MSsih/KNJzIZfPlh3viBu81R23E+cPrF7genE7+eI7Q7PC4icgrXfKIO52pKBKAoZfNP+uGSlTQSSbF2LotFx0JCxo1hyJOQj6lcSxGSYqmLlShTKd3//VSr3hb5rNi4Mu4f/Sdk3N9hT8ikOGKKVw0/XwWpJpFr/6Tzap5BdpAJrvPlXjFtwQgL8sfH/z36slxp0Yi/59LCvPlQr5QWMRa3VBoPMf1dRCPD6mm4OpXRZd9oBZOpXXZh7YYVLX0o1u3yn56KdR1jUws6isCUtRvAvtrA3POOnfV7QHyz6Yu7nWLHH3ktTNh9wgeJaDxdMPEpgdXTckAYKV3hstYjmTrnUwM+SDsXNLrhPd7Wn7LCewBFTFdbiLw/VmiWKUljs05kXogPIa73vWw==\n"
            },
            "metadata_fingerprint": "MTCS9I-OiUI=",
            "metadata_startup_script": null,
            "min_cpu_platform": "",
            "name": "terraform-instance-2",
            "network_interface": [
              {
                "access_config": [
                  {
                    "nat_ip": "34.122.3.100",
                    "network_tier": "PREMIUM",
                    "public_ptr_domain_name": ""
                  }
                ],
                "alias_ip_range": [],
                "ipv6_access_config": [],
                "ipv6_access_type": "",
                "name": "nic0",
                "network": "https://www.googleapis.com/compute/v1/projects/gcp-testo1/global/networks/test-network",
                "network_ip": "10.2.0.9",
                "nic_type": "",
                "queue_count": 0,
                "stack_type": "IPV4_ONLY",
                "subnetwork": "https://www.googleapis.com/compute/v1/projects/gcp-testo1/regions/us-central1/subnetworks/test-subnetwork",
                "subnetwork_project": "gcp-testo1"
              }
            ],
            "project": "gcp-testo1",
            "reservation_affinity": [],
            "resource_policies": null,
            "scheduling": [
              {
                "automatic_restart": true,
                "instance_termination_action": "",
                "min_node_cpus": 0,
                "node_affinities": [],
                "on_host_maintenance": "MIGRATE",
                "preemptible": false,
                "provisioning_model": "STANDARD"
              }
            ],
            "scratch_disk": [],
            "self_link": "https://www.googleapis.com/compute/v1/projects/gcp-testo1/zones/us-central1-c/instances/terraform-instance-2",
            "service_account": [],
            "shielded_instance_config": [
              {
                "enable_integrity_monitoring": true,
                "enable_secure_boot": false,
                "enable_vtpm": true
              }
            ],
            "tags": [
              "allow-ssh"
            ],
            "tags_fingerprint": "SFX9LNAOdG8=",
            "timeouts": null,
            "zone": "us-central1-c"
          },
          "sensitive_attributes": [],
          "private": "eyJlMmJmYjczMC1lY2FhLTExZTYtOGY4OC0zNDM2M2JjN2M0YzAiOnsiY3JlYXRlIjoxMjAwMDAwMDAwMDAwLCJkZWxldGUiOjEyMDAwMDAwMDAwMDAsInVwZGF0ZSI6MTIwMDAwMDAwMDAwMH0sInNjaGVtYV92ZXJzaW9uIjoiNiJ9",
          "dependencies": [
            "google_compute_network.custom-test",
            "google_compute_subnetwork.network-1",
            "tls_private_key.ssh"
          ]
        }
      ]
    },
    {
      "mode": "managed",
      "type": "google_compute_network",
      "name": "custom-test",
      "provider": "provider[\"registry.terraform.io/hashicorp/google\"]",
      "instances": [
        {
          "schema_version": 0,
          "attributes": {
            "auto_create_subnetworks": false,
            "delete_default_routes_on_create": false,
            "description": "",
            "enable_ula_internal_ipv6": false,
            "gateway_ipv4": "",
            "id": "projects/gcp-testo1/global/networks/test-network",
            "internal_ipv6_range": "",
            "mtu": 0,
            "name": "test-network",
            "project": "gcp-testo1",
            "routing_mode": "REGIONAL",
            "self_link": "https://www.googleapis.com/compute/v1/projects/gcp-testo1/global/networks/test-network",
            "timeouts": null
          },
          "sensitive_attributes": [],
          "private": "eyJlMmJmYjczMC1lY2FhLTExZTYtOGY4OC0zNDM2M2JjN2M0YzAiOnsiY3JlYXRlIjoxMjAwMDAwMDAwMDAwLCJkZWxldGUiOjEyMDAwMDAwMDAwMDAsInVwZGF0ZSI6MTIwMDAwMDAwMDAwMH19"
        }
      ]
    },
    {
      "mode": "managed",
      "type": "google_compute_subnetwork",
      "name": "network-1",
      "provider": "provider[\"registry.terraform.io/hashicorp/google\"]",
      "instances": [
        {
          "schema_version": 0,
          "attributes": {
            "creation_timestamp": "2022-09-28T21:25:51.819-07:00",
            "description": "",
            "external_ipv6_prefix": "",
            "fingerprint": null,
            "gateway_address": "10.2.0.1",
            "id": "projects/gcp-testo1/regions/us-central1/subnetworks/test-subnetwork",
            "ip_cidr_range": "10.2.0.0/16",
            "ipv6_access_type": "",
            "ipv6_cidr_range": "",
            "log_config": [],
            "name": "test-subnetwork",
            "network": "https://www.googleapis.com/compute/v1/projects/gcp-testo1/global/networks/test-network",
            "private_ip_google_access": false,
            "private_ipv6_google_access": "DISABLE_GOOGLE_ACCESS",
            "project": "gcp-testo1",
            "purpose": "PRIVATE",
            "region": "us-central1",
            "role": "",
            "secondary_ip_range": [],
            "self_link": "https://www.googleapis.com/compute/v1/projects/gcp-testo1/regions/us-central1/subnetworks/test-subnetwork",
            "stack_type": "IPV4_ONLY",
            "timeouts": null
          },
          "sensitive_attributes": [],
          "private": "eyJlMmJmYjczMC1lY2FhLTExZTYtOGY4OC0zNDM2M2JjN2M0YzAiOnsiY3JlYXRlIjoxMjAwMDAwMDAwMDAwLCJkZWxldGUiOjEyMDAwMDAwMDAwMDAsInVwZGF0ZSI6MTIwMDAwMDAwMDAwMH19",
          "dependencies": [
            "google_compute_network.custom-test"
          ]
        }
      ]
    },
    {
      "mode": "managed",
      "type": "google_project_service",
      "name": "cloud_resource_manager",
      "provider": "provider[\"registry.terraform.io/hashicorp/google\"]",
      "instances": [
        {
          "schema_version": 0,
          "attributes": {
            "disable_dependent_services": null,
            "disable_on_destroy": false,
            "id": "gcp-testo1/cloudresourcemanager.googleapis.com",
            "project": "gcp-testo1",
            "service": "cloudresourcemanager.googleapis.com",
            "timeouts": null
          },
          "sensitive_attributes": [],
          "private": "eyJlMmJmYjczMC1lY2FhLTExZTYtOGY4OC0zNDM2M2JjN2M0YzAiOnsiY3JlYXRlIjoxMjAwMDAwMDAwMDAwLCJkZWxldGUiOjEyMDAwMDAwMDAwMDAsInJlYWQiOjYwMDAwMDAwMDAwMCwidXBkYXRlIjoxMjAwMDAwMDAwMDAwfX0="
        }
      ]
    },
    {
      "mode": "managed",
      "type": "google_project_service",
      "name": "compute",
      "provider": "provider[\"registry.terraform.io/hashicorp/google\"]",
      "instances": [
        {
          "schema_version": 0,
          "attributes": {
            "disable_dependent_services": null,
            "disable_on_destroy": false,
            "id": "gcp-testo1/compute.googleapis.com",
            "project": "gcp-testo1",
            "service": "compute.googleapis.com",
            "timeouts": null
          },
          "sensitive_attributes": [],
          "private": "eyJlMmJmYjczMC1lY2FhLTExZTYtOGY4OC0zNDM2M2JjN2M0YzAiOnsiY3JlYXRlIjoxMjAwMDAwMDAwMDAwLCJkZWxldGUiOjEyMDAwMDAwMDAwMDAsInJlYWQiOjYwMDAwMDAwMDAwMCwidXBkYXRlIjoxMjAwMDAwMDAwMDAwfX0="
        }
      ]
    },
    {
      "mode": "managed",
      "type": "local_file",
      "name": "authorized_key_pem",
      "provider": "provider[\"registry.terraform.io/hashicorp/local\"]",
      "instances": [
        {
          "schema_version": 0,
          "attributes": {
            "content": "ssh-rsa AAAAB3NzaC1yc2EAAAADAQABAAACAQCsT6KzcublB4bY2XrZBSt9ldoL8Gx2SABwS543p+WFIpxYcSjJ7LM8h6QcaG/IepwkH3W3ilvFyyR4wGbUBF94QmFYe3VbfkEyXfjZX8dWoHnXcpByRWLNso/DjpxliQBgf8u3IfPRhmevyTXeEPnbuSs92514BiAIkDlGjhkAGLamDqkwj07thkfRNMMHEdPX9zb5/HTReDs7AsgOKGpg7I4ZBaG4lmHjVGSgzP73eeQh7tEOojWNODDpaA3pV0hWR+md1Kpe0KO+Qz86Z/0iDh4Fp//MSsih/KNJzIZfPlh3viBu81R23E+cPrF7genE7+eI7Q7PC4icgrXfKIO52pKBKAoZfNP+uGSlTQSSbF2LotFx0JCxo1hyJOQj6lcSxGSYqmLlShTKd3//VSr3hb5rNi4Mu4f/Sdk3N9hT8ikOGKKVw0/XwWpJpFr/6Tzap5BdpAJrvPlXjFtwQgL8sfH/z36slxp0Yi/59LCvPlQr5QWMRa3VBoPMf1dRCPD6mm4OpXRZd9oBZOpXXZh7YYVLX0o1u3yn56KdR1jUws6isCUtRvAvtrA3POOnfV7QHyz6Yu7nWLHH3ktTNh9wgeJaDxdMPEpgdXTckAYKV3hstYjmTrnUwM+SDsXNLrhPd7Wn7LCewBFTFdbiLw/VmiWKUljs05kXogPIa73vWw==\n",
            "content_base64": null,
            "directory_permission": "0777",
            "file_permission": "0600",
            "filename": "../../.ssh/authorized_keys",
            "id": "098f915abe010c9d134b73bd1274eb5eb6eb66ed",
            "sensitive_content": null,
            "source": null
          },
          "sensitive_attributes": [],
          "private": "bnVsbA==",
          "dependencies": [
            "tls_private_key.ssh"
          ]
        }
      ]
    },
    {
      "mode": "managed",
      "type": "local_file",
      "name": "inventory",
      "provider": "provider[\"registry.terraform.io/hashicorp/local\"]",
      "instances": [
        {
          "schema_version": 0,
          "attributes": {
            "content": "[webserver]\n10.2.0.10\nlocalhost\n34.122.3.100\n[remote]\n35.194.11.83\n34.122.3.100\n",
            "content_base64": null,
            "directory_permission": "0777",
            "file_permission": "0777",
            "filename": "./../../inventory/hosts.ini",
            "id": "71c0b80b3e12c07ba715a385060ec1c2acd9bf3a",
            "sensitive_content": null,
            "source": null
          },
          "sensitive_attributes": [],
          "private": "bnVsbA==",
          "dependencies": [
            "google_compute_address.static_ip",
            "google_compute_instance.vm_instance",
            "google_compute_instance.vm_instance-2",
            "google_compute_network.custom-test",
            "google_compute_subnetwork.network-1",
            "tls_private_key.ssh"
          ]
        }
      ]
    },
    {
      "mode": "managed",
      "type": "local_file",
      "name": "ssh_private_key_pem",
      "provider": "provider[\"registry.terraform.io/hashicorp/local\"]",
      "instances": [
        {
          "schema_version": 0,
          "attributes": {
            "content": "-----BEGIN RSA PRIVATE KEY-----\nMIIJKQIBAAKCAgEArE+is3Lm5QeG2Nl62QUrfZXaC/BsdkgAcEueN6flhSKcWHEo\nyeyzPIekHGhvyHqcJB91t4pbxcskeMBm1ARfeEJhWHt1W35BMl342V/HVqB513KQ\nckVizbKPw46cZYkAYH/LtyHz0YZnr8k13hD527krPdudeAYgCJA5Ro4ZABi2pg6p\nMI9O7YZH0TTDBxHT1/c2+fx00Xg7OwLIDihqYOyOGQWhuJZh41RkoMz+93nkIe7R\nDqI1jTgw6WgN6VdIVkfpndSqXtCjvkM/Omf9Ig4eBaf/zErIofyjScyGXz5Yd74g\nbvNUdtxPnD6xe4HpxO/niO0OzwuInIK13yiDudqSgSgKGXzT/rhkpU0Ekmxdi6LR\ncdCQsaNYciTkI+pXEsRkmKpi5UoUynd//1Uq94W+azYuDLuH/0nZNzfYU/IpDhii\nlcNP18FqSaRa/+k82qeQXaQCa7z5V4xbcEIC/LHx/89+rJcadGIv+fSwrz5UK+UF\njEWt1QaDzH9XUQjw+ppuDqV0WXfaAWTqV12Ye2GFS19KNbt8p+einUdY1MLOorAl\nLUbwL7awNzzjp31e0B8s+mLu51ixx95LUzYfcIHiWg8XTDxKYHV03JAGCld4bLWI\n5k651MDPkg7FzS64T3e1p+ywnsARUxXW4i8P1ZolilJY7NOZF6IDyGu971sCAwEA\nAQKCAgBnWWxwzV4HyLfsoKS6PguTy6l4t7+WQiFhOTmwkBdt/xBfS5/3XO00RPb9\nwvYo/MFiOSxV5bqdq/Y4Js6GJAlPDCFu/L2rHtLj7tEvL+9T2fS6cJCKuWtFjPAF\njyfnDoEXYA9DzC19YmwWV0zj4LK8QxfYhjywnJviBv8Tfm8oS6phdzGrWokwlfXF\nWSwQtXSmeDSVRAKdEMwV3Nk5BKypbbjc8S/KkwgrXZbti4bx0D4wzBi/+jK8fRN5\nK1wMtLlCZueMLt3w+Jr9pz/pPC3rmyQOqHEYi1JDNlCKFw4RWkedqn+xjGkA0as+\nP6wcNBOOd4Yb7nOPY4+QsCV9r8MxXavNtxD6fUkvd2R3cd9sUw3oQaMPxadY0t+u\nOyuur9wtn/beNkj0ICvPY4Mvbs9Z3I9j3j0/+e6HI5OzAlXbmPBvB39h9kvcetxN\n875muhB9FJSsA4vLpfgZImJMLFrSyng63UK905gud73rNl+TJ4M8GykeGjuF4FrA\nb/hImnX9dMxwCVqnOIzVd6/ehSZbFCBdUiv3tZ6yde9RnmSCtG8KDlO+mYbg92pJ\niAkHkKPPCEdqb1n8ppyOFg/ErF/uqZcX3Imcm8ulvpYTpw0u8ZNNKMM/nSFMUySZ\nUeOMNtSGqg4v/sQqdLHX+swEbqr51V7xQsKZqKtiKsMecWPEIQKCAQEAxbcnC89O\nMN1NSPJGucs3ikypiXRxiGN6tpm4JxobPAue2IoYdhCht66y/Js34nT9+vs+8XtM\nDS5Erb1hZ7LjzEr5+suUpJnwFY1kCvhEsoSlFKS7E6dgE8GqOz2Kj6/bgaxTcP0f\n9r7AMD0bDFwz3vW5PTsdSRc8denUV3yfC8NopryDndvBJaO9l/ji7W1dbbWLHT++\nTkYYiigygBYeB/x5xVlIcNI2DT72jG/3Y+5zjwAeKE5TC+3D1pK5XgBBrTr2YwJt\n/DZnIfrLi6xMYXgX5BOio+p/aqPkjgZbPjJkLnRXC0RsyxJ2mpYfMCpjD0P6IRF8\nlKuxtHHr1+VS9QKCAQEA3xtPdoD26rf1SyiZ+0Bz2XsR+7IteacQQElIavst77B3\nuUkztkspl46nziKGrFEaKHcM0Ifv3Tm0qBLUtKg51xBh9NiwK2lS7iggPSn6Eizy\nqzbdkTdwhIovcysxR0NSi9IT6TB8Ta+0MhOSNmK/bD+bOg6tlzbpPp2p1GIaWy2S\nFw7Z5kJ+Z+ltonIhfHVpe7ILNx4EsGh/pwihcpUAL8BF2b9iLxi5CpBt3z+QJn6P\nszk3d21Cay9dtKInTGh4QfN5Up0oaExxF7ESJ+d/L9hguRJs9IBWlYu/55BvmwUd\nZA5E8XFYYEvc14zwW8VS3NTcA9JP1/E1ibWLD8fnDwKCAQAl9Hv9a2WCQemFOGVV\nY2qdFQxyw7TLzvUOusG8V+mkhEKRJSl++MBix5m6nn2C7pyXIsY5i0bVPO2YQMPD\nKXdLj5UfjRdS5e5N5N+wr2pYrtgV922mXzo1cLciOjUwUj0cTp2SEjWho4q3d/OK\nUuTuR1OxKnj7wAcuR54o0Vai5ndfks7dbgNNG3rZAsFlfNozpmc3TTZWRmSNmRvg\ntN49AD3MIdCjP+d6cXzZBuGCAJOUfxxK9oZAwvsWZQJKxlfVTn1gEmZUxYjU4BVV\nEdVz3J8RfKd7OhgNu7qzfQrlDL1ooZLYKeGMtlWoZWtFTs3Hb3BECtxUmgU6M6hn\nwLFFAoIBAQCNpUEl82rQSkqplPVt1tW2VbRtIApPGgnvRpd7lEztyBO6xwbVzZJy\nbleLP9BQxozc8/hmzGc1BNX1fz8cE1HlgLkwQgJXDV9hZIhTTLs/ntnSadrxv0jo\nXPMTI3D91Xgq3Q1XFzlT+SFmSZaigL8XcqqSiY8cWfhrkJ2qAT7KdHwzt3IQBldK\nkaDRabRo2AJIThlgvOYtOasR2SDnJkIgDupJ/H/RdtjEJD4dZrWWOvPwzXqxj+SD\nOGc9r1VT5V+0P2ffU3e8AAwtBnaIbykIr095MIGMGY7fEwKbec/hk7W9OHH8+AEr\n4f4ru4c+PGEHYvzsUDHw32smKuRG+JtxAoIBAQCRAkf7pkGhNrgimNUImaXUYPNf\n1jB60+Kpt7JkMCt/QTnluNe7IR13PxtsqTz1aWWrOLvRZHxzfsSqExdMDxlsB/d6\nsqKuSNoXyM1WSNPbsn/EYbjeg/bAq52g2qUezSQqG1/EhYgNgDDe1E0d1+RjHSvt\nINcv0HT77vClNp1ktJvcHTqec2sr+9iGWJsbPhVCNlZVREMuJcpkfkaGQv9spwFg\nf+smiscZcqN6LanzTsvPNWuQ1L+0GSejjLLSlw3EW8bxJcq/9MzZsfeSVogg3Ylz\nSaSjjIWRANHhbrEh+3Ny7CH1meJbhqSdF/Y07D9DhotQwGaoRIiGeyq/weFA\n-----END RSA PRIVATE KEY-----\n",
            "content_base64": null,
            "directory_permission": "0777",
            "file_permission": "0600",
            "filename": "../../.ssh/google_compute_engine",
            "id": "b99eab9dc1d19e601ddf13cf258f9b999408d805",
            "sensitive_content": null,
            "source": null
          },
          "sensitive_attributes": [
            [
              {
                "type": "get_attr",
                "value": "content"
              }
            ]
          ],
          "private": "bnVsbA==",
          "dependencies": [
            "tls_private_key.ssh"
          ]
        }
      ]
    },
    {
      "mode": "managed",
      "type": "local_file",
      "name": "ssh_public_key_pem",
      "provider": "provider[\"registry.terraform.io/hashicorp/local\"]",
      "instances": [
        {
          "schema_version": 0,
          "attributes": {
            "content": "ssh-rsa AAAAB3NzaC1yc2EAAAADAQABAAACAQCsT6KzcublB4bY2XrZBSt9ldoL8Gx2SABwS543p+WFIpxYcSjJ7LM8h6QcaG/IepwkH3W3ilvFyyR4wGbUBF94QmFYe3VbfkEyXfjZX8dWoHnXcpByRWLNso/DjpxliQBgf8u3IfPRhmevyTXeEPnbuSs92514BiAIkDlGjhkAGLamDqkwj07thkfRNMMHEdPX9zb5/HTReDs7AsgOKGpg7I4ZBaG4lmHjVGSgzP73eeQh7tEOojWNODDpaA3pV0hWR+md1Kpe0KO+Qz86Z/0iDh4Fp//MSsih/KNJzIZfPlh3viBu81R23E+cPrF7genE7+eI7Q7PC4icgrXfKIO52pKBKAoZfNP+uGSlTQSSbF2LotFx0JCxo1hyJOQj6lcSxGSYqmLlShTKd3//VSr3hb5rNi4Mu4f/Sdk3N9hT8ikOGKKVw0/XwWpJpFr/6Tzap5BdpAJrvPlXjFtwQgL8sfH/z36slxp0Yi/59LCvPlQr5QWMRa3VBoPMf1dRCPD6mm4OpXRZd9oBZOpXXZh7YYVLX0o1u3yn56KdR1jUws6isCUtRvAvtrA3POOnfV7QHyz6Yu7nWLHH3ktTNh9wgeJaDxdMPEpgdXTckAYKV3hstYjmTrnUwM+SDsXNLrhPd7Wn7LCewBFTFdbiLw/VmiWKUljs05kXogPIa73vWw==\n",
            "content_base64": null,
            "directory_permission": "0777",
            "file_permission": "0600",
            "filename": "../../.ssh/google_compute_engine.pub",
            "id": "098f915abe010c9d134b73bd1274eb5eb6eb66ed",
            "sensitive_content": null,
            "source": null
          },
          "sensitive_attributes": [],
          "private": "bnVsbA==",
          "dependencies": [
            "tls_private_key.ssh"
          ]
        }
      ]
    },
    {
      "mode": "managed",
      "type": "tls_private_key",
      "name": "ssh",
      "provider": "provider[\"registry.terraform.io/hashicorp/tls\"]",
      "instances": [
        {
          "schema_version": 0,
          "attributes": {
            "algorithm": "RSA",
            "ecdsa_curve": "P224",
            "id": "b2f83e4367f82ec08d046788042efff368c79cdc",
            "private_key_pem": "-----BEGIN RSA PRIVATE KEY-----\nMIIJKQIBAAKCAgEArE+is3Lm5QeG2Nl62QUrfZXaC/BsdkgAcEueN6flhSKcWHEo\nyeyzPIekHGhvyHqcJB91t4pbxcskeMBm1ARfeEJhWHt1W35BMl342V/HVqB513KQ\nckVizbKPw46cZYkAYH/LtyHz0YZnr8k13hD527krPdudeAYgCJA5Ro4ZABi2pg6p\nMI9O7YZH0TTDBxHT1/c2+fx00Xg7OwLIDihqYOyOGQWhuJZh41RkoMz+93nkIe7R\nDqI1jTgw6WgN6VdIVkfpndSqXtCjvkM/Omf9Ig4eBaf/zErIofyjScyGXz5Yd74g\nbvNUdtxPnD6xe4HpxO/niO0OzwuInIK13yiDudqSgSgKGXzT/rhkpU0Ekmxdi6LR\ncdCQsaNYciTkI+pXEsRkmKpi5UoUynd//1Uq94W+azYuDLuH/0nZNzfYU/IpDhii\nlcNP18FqSaRa/+k82qeQXaQCa7z5V4xbcEIC/LHx/89+rJcadGIv+fSwrz5UK+UF\njEWt1QaDzH9XUQjw+ppuDqV0WXfaAWTqV12Ye2GFS19KNbt8p+einUdY1MLOorAl\nLUbwL7awNzzjp31e0B8s+mLu51ixx95LUzYfcIHiWg8XTDxKYHV03JAGCld4bLWI\n5k651MDPkg7FzS64T3e1p+ywnsARUxXW4i8P1ZolilJY7NOZF6IDyGu971sCAwEA\nAQKCAgBnWWxwzV4HyLfsoKS6PguTy6l4t7+WQiFhOTmwkBdt/xBfS5/3XO00RPb9\nwvYo/MFiOSxV5bqdq/Y4Js6GJAlPDCFu/L2rHtLj7tEvL+9T2fS6cJCKuWtFjPAF\njyfnDoEXYA9DzC19YmwWV0zj4LK8QxfYhjywnJviBv8Tfm8oS6phdzGrWokwlfXF\nWSwQtXSmeDSVRAKdEMwV3Nk5BKypbbjc8S/KkwgrXZbti4bx0D4wzBi/+jK8fRN5\nK1wMtLlCZueMLt3w+Jr9pz/pPC3rmyQOqHEYi1JDNlCKFw4RWkedqn+xjGkA0as+\nP6wcNBOOd4Yb7nOPY4+QsCV9r8MxXavNtxD6fUkvd2R3cd9sUw3oQaMPxadY0t+u\nOyuur9wtn/beNkj0ICvPY4Mvbs9Z3I9j3j0/+e6HI5OzAlXbmPBvB39h9kvcetxN\n875muhB9FJSsA4vLpfgZImJMLFrSyng63UK905gud73rNl+TJ4M8GykeGjuF4FrA\nb/hImnX9dMxwCVqnOIzVd6/ehSZbFCBdUiv3tZ6yde9RnmSCtG8KDlO+mYbg92pJ\niAkHkKPPCEdqb1n8ppyOFg/ErF/uqZcX3Imcm8ulvpYTpw0u8ZNNKMM/nSFMUySZ\nUeOMNtSGqg4v/sQqdLHX+swEbqr51V7xQsKZqKtiKsMecWPEIQKCAQEAxbcnC89O\nMN1NSPJGucs3ikypiXRxiGN6tpm4JxobPAue2IoYdhCht66y/Js34nT9+vs+8XtM\nDS5Erb1hZ7LjzEr5+suUpJnwFY1kCvhEsoSlFKS7E6dgE8GqOz2Kj6/bgaxTcP0f\n9r7AMD0bDFwz3vW5PTsdSRc8denUV3yfC8NopryDndvBJaO9l/ji7W1dbbWLHT++\nTkYYiigygBYeB/x5xVlIcNI2DT72jG/3Y+5zjwAeKE5TC+3D1pK5XgBBrTr2YwJt\n/DZnIfrLi6xMYXgX5BOio+p/aqPkjgZbPjJkLnRXC0RsyxJ2mpYfMCpjD0P6IRF8\nlKuxtHHr1+VS9QKCAQEA3xtPdoD26rf1SyiZ+0Bz2XsR+7IteacQQElIavst77B3\nuUkztkspl46nziKGrFEaKHcM0Ifv3Tm0qBLUtKg51xBh9NiwK2lS7iggPSn6Eizy\nqzbdkTdwhIovcysxR0NSi9IT6TB8Ta+0MhOSNmK/bD+bOg6tlzbpPp2p1GIaWy2S\nFw7Z5kJ+Z+ltonIhfHVpe7ILNx4EsGh/pwihcpUAL8BF2b9iLxi5CpBt3z+QJn6P\nszk3d21Cay9dtKInTGh4QfN5Up0oaExxF7ESJ+d/L9hguRJs9IBWlYu/55BvmwUd\nZA5E8XFYYEvc14zwW8VS3NTcA9JP1/E1ibWLD8fnDwKCAQAl9Hv9a2WCQemFOGVV\nY2qdFQxyw7TLzvUOusG8V+mkhEKRJSl++MBix5m6nn2C7pyXIsY5i0bVPO2YQMPD\nKXdLj5UfjRdS5e5N5N+wr2pYrtgV922mXzo1cLciOjUwUj0cTp2SEjWho4q3d/OK\nUuTuR1OxKnj7wAcuR54o0Vai5ndfks7dbgNNG3rZAsFlfNozpmc3TTZWRmSNmRvg\ntN49AD3MIdCjP+d6cXzZBuGCAJOUfxxK9oZAwvsWZQJKxlfVTn1gEmZUxYjU4BVV\nEdVz3J8RfKd7OhgNu7qzfQrlDL1ooZLYKeGMtlWoZWtFTs3Hb3BECtxUmgU6M6hn\nwLFFAoIBAQCNpUEl82rQSkqplPVt1tW2VbRtIApPGgnvRpd7lEztyBO6xwbVzZJy\nbleLP9BQxozc8/hmzGc1BNX1fz8cE1HlgLkwQgJXDV9hZIhTTLs/ntnSadrxv0jo\nXPMTI3D91Xgq3Q1XFzlT+SFmSZaigL8XcqqSiY8cWfhrkJ2qAT7KdHwzt3IQBldK\nkaDRabRo2AJIThlgvOYtOasR2SDnJkIgDupJ/H/RdtjEJD4dZrWWOvPwzXqxj+SD\nOGc9r1VT5V+0P2ffU3e8AAwtBnaIbykIr095MIGMGY7fEwKbec/hk7W9OHH8+AEr\n4f4ru4c+PGEHYvzsUDHw32smKuRG+JtxAoIBAQCRAkf7pkGhNrgimNUImaXUYPNf\n1jB60+Kpt7JkMCt/QTnluNe7IR13PxtsqTz1aWWrOLvRZHxzfsSqExdMDxlsB/d6\nsqKuSNoXyM1WSNPbsn/EYbjeg/bAq52g2qUezSQqG1/EhYgNgDDe1E0d1+RjHSvt\nINcv0HT77vClNp1ktJvcHTqec2sr+9iGWJsbPhVCNlZVREMuJcpkfkaGQv9spwFg\nf+smiscZcqN6LanzTsvPNWuQ1L+0GSejjLLSlw3EW8bxJcq/9MzZsfeSVogg3Ylz\nSaSjjIWRANHhbrEh+3Ny7CH1meJbhqSdF/Y07D9DhotQwGaoRIiGeyq/weFA\n-----END RSA PRIVATE KEY-----\n",
            "public_key_fingerprint_md5": "b8:15:4a:f6:bd:c6:a0:d2:2a:51:51:7e:f7:20:93:bd",
            "public_key_openssh": "ssh-rsa AAAAB3NzaC1yc2EAAAADAQABAAACAQCsT6KzcublB4bY2XrZBSt9ldoL8Gx2SABwS543p+WFIpxYcSjJ7LM8h6QcaG/IepwkH3W3ilvFyyR4wGbUBF94QmFYe3VbfkEyXfjZX8dWoHnXcpByRWLNso/DjpxliQBgf8u3IfPRhmevyTXeEPnbuSs92514BiAIkDlGjhkAGLamDqkwj07thkfRNMMHEdPX9zb5/HTReDs7AsgOKGpg7I4ZBaG4lmHjVGSgzP73eeQh7tEOojWNODDpaA3pV0hWR+md1Kpe0KO+Qz86Z/0iDh4Fp//MSsih/KNJzIZfPlh3viBu81R23E+cPrF7genE7+eI7Q7PC4icgrXfKIO52pKBKAoZfNP+uGSlTQSSbF2LotFx0JCxo1hyJOQj6lcSxGSYqmLlShTKd3//VSr3hb5rNi4Mu4f/Sdk3N9hT8ikOGKKVw0/XwWpJpFr/6Tzap5BdpAJrvPlXjFtwQgL8sfH/z36slxp0Yi/59LCvPlQr5QWMRa3VBoPMf1dRCPD6mm4OpXRZd9oBZOpXXZh7YYVLX0o1u3yn56KdR1jUws6isCUtRvAvtrA3POOnfV7QHyz6Yu7nWLHH3ktTNh9wgeJaDxdMPEpgdXTckAYKV3hstYjmTrnUwM+SDsXNLrhPd7Wn7LCewBFTFdbiLw/VmiWKUljs05kXogPIa73vWw==\n",
            "public_key_pem": "-----BEGIN PUBLIC KEY-----\nMIICIjANBgkqhkiG9w0BAQEFAAOCAg8AMIICCgKCAgEArE+is3Lm5QeG2Nl62QUr\nfZXaC/BsdkgAcEueN6flhSKcWHEoyeyzPIekHGhvyHqcJB91t4pbxcskeMBm1ARf\neEJhWHt1W35BMl342V/HVqB513KQckVizbKPw46cZYkAYH/LtyHz0YZnr8k13hD5\n27krPdudeAYgCJA5Ro4ZABi2pg6pMI9O7YZH0TTDBxHT1/c2+fx00Xg7OwLIDihq\nYOyOGQWhuJZh41RkoMz+93nkIe7RDqI1jTgw6WgN6VdIVkfpndSqXtCjvkM/Omf9\nIg4eBaf/zErIofyjScyGXz5Yd74gbvNUdtxPnD6xe4HpxO/niO0OzwuInIK13yiD\nudqSgSgKGXzT/rhkpU0Ekmxdi6LRcdCQsaNYciTkI+pXEsRkmKpi5UoUynd//1Uq\n94W+azYuDLuH/0nZNzfYU/IpDhiilcNP18FqSaRa/+k82qeQXaQCa7z5V4xbcEIC\n/LHx/89+rJcadGIv+fSwrz5UK+UFjEWt1QaDzH9XUQjw+ppuDqV0WXfaAWTqV12Y\ne2GFS19KNbt8p+einUdY1MLOorAlLUbwL7awNzzjp31e0B8s+mLu51ixx95LUzYf\ncIHiWg8XTDxKYHV03JAGCld4bLWI5k651MDPkg7FzS64T3e1p+ywnsARUxXW4i8P\n1ZolilJY7NOZF6IDyGu971sCAwEAAQ==\n-----END PUBLIC KEY-----\n",
            "rsa_bits": 4096
          },
          "sensitive_attributes": [],
          "private": "bnVsbA=="
        }
      ]
    }
  ],
  "check_results": []
}
