{
  "version": 4,
  "terraform_version": "1.3.1",
  "serial": 135,
  "lineage": "a881c0be-2654-9a0c-bb82-1e6218bc75e0",
  "outputs": {
    "public_ip": {
      "value": "104.154.221.55",
      "type": "string"
    }
  },
  "resources": [
    {
      "mode": "data",
      "type": "google_client_openid_userinfo",
      "name": "me",
      "provider": "provider[\"registry.terraform.io/hashicorp/google\"]",
      "instances": [
        {
          "schema_version": 0,
          "attributes": {
            "email": "jatinbansal572@gmail.com",
            "id": "jatinbansal572@gmail.com"
          },
          "sensitive_attributes": []
        }
      ]
    },
    {
      "mode": "managed",
      "type": "google_compute_address",
      "name": "static_ip",
      "provider": "provider[\"registry.terraform.io/hashicorp/google\"]",
      "instances": [
        {
          "schema_version": 0,
          "attributes": {
            "address": "104.154.221.55",
            "address_type": "EXTERNAL",
            "creation_timestamp": "2022-10-10T23:04:37.012-07:00",
            "description": "",
            "id": "projects/gcp-testo1/regions/us-central1/addresses/terraform-created-vm",
            "name": "terraform-created-vm",
            "network": "",
            "network_tier": "PREMIUM",
            "prefix_length": 0,
            "project": "gcp-testo1",
            "purpose": "",
            "region": "us-central1",
            "self_link": "https://www.googleapis.com/compute/v1/projects/gcp-testo1/regions/us-central1/addresses/terraform-created-vm",
            "subnetwork": "",
            "timeouts": null,
            "users": []
          },
          "sensitive_attributes": [],
          "private": "eyJlMmJmYjczMC1lY2FhLTExZTYtOGY4OC0zNDM2M2JjN2M0YzAiOnsiY3JlYXRlIjoxMjAwMDAwMDAwMDAwLCJkZWxldGUiOjEyMDAwMDAwMDAwMDB9fQ=="
        }
      ]
    },
    {
      "mode": "managed",
      "type": "google_compute_firewall",
      "name": "ansible-fw-1",
      "provider": "provider[\"registry.terraform.io/hashicorp/google\"]",
      "instances": [
        {
          "schema_version": 1,
          "attributes": {
            "allow": [
              {
                "ports": [
                  "80",
                  "8080",
                  "22"
                ],
                "protocol": "tcp"
              },
              {
                "ports": [],
                "protocol": "icmp"
              }
            ],
            "creation_timestamp": "2022-10-10T23:04:48.712-07:00",
            "deny": [],
            "description": "",
            "destination_ranges": [],
            "direction": "INGRESS",
            "disabled": false,
            "enable_logging": null,
            "id": "projects/gcp-testo1/global/firewalls/test-firewall",
            "log_config": [],
            "name": "test-firewall",
            "network": "https://www.googleapis.com/compute/v1/projects/gcp-testo1/global/networks/test-network",
            "priority": 1000,
            "project": "gcp-testo1",
            "self_link": "https://www.googleapis.com/compute/v1/projects/gcp-testo1/global/firewalls/test-firewall",
            "source_ranges": [
              "0.0.0.0/0"
            ],
            "source_service_accounts": null,
            "source_tags": null,
            "target_service_accounts": null,
            "target_tags": [
              "allow-ssh"
            ],
            "timeouts": null
          },
          "sensitive_attributes": [],
          "private": "eyJlMmJmYjczMC1lY2FhLTExZTYtOGY4OC0zNDM2M2JjN2M0YzAiOnsiY3JlYXRlIjoxMjAwMDAwMDAwMDAwLCJkZWxldGUiOjEyMDAwMDAwMDAwMDAsInVwZGF0ZSI6MTIwMDAwMDAwMDAwMH0sInNjaGVtYV92ZXJzaW9uIjoiMSJ9",
          "dependencies": [
            "google_compute_network.custom-test"
          ]
        }
      ]
    },
    {
      "mode": "managed",
      "type": "google_compute_instance",
      "name": "vm_instance",
      "provider": "provider[\"registry.terraform.io/hashicorp/google\"]",
      "instances": [
        {
          "schema_version": 6,
          "attributes": {
            "advanced_machine_features": [],
            "allow_stopping_for_update": null,
            "attached_disk": [],
            "boot_disk": [
              {
                "auto_delete": true,
                "device_name": "persistent-disk-0",
                "disk_encryption_key_raw": "",
                "disk_encryption_key_sha256": "",
                "initialize_params": [
                  {
                    "image": "https://www.googleapis.com/compute/v1/projects/ubuntu-os-pro-cloud/global/images/ubuntu-pro-2004-focal-v20221010",
                    "labels": {},
                    "size": 10,
                    "type": "pd-standard"
                  }
                ],
                "kms_key_self_link": "",
                "mode": "READ_WRITE",
                "source": "https://www.googleapis.com/compute/v1/projects/gcp-testo1/zones/us-central1-c/disks/terraform-instance-1"
              }
            ],
            "can_ip_forward": false,
            "confidential_instance_config": [],
            "cpu_platform": "AMD Rome",
            "current_status": "RUNNING",
            "deletion_protection": false,
            "description": "",
            "desired_status": null,
            "enable_display": false,
            "guest_accelerator": [],
            "hostname": "",
            "id": "projects/gcp-testo1/zones/us-central1-c/instances/terraform-instance-1",
            "instance_id": "2528479509840705889",
            "label_fingerprint": "42WmSpB8rSM=",
            "labels": null,
            "machine_type": "e2-micro",
            "metadata": {
              "ssh-keys": "ansible:ssh-rsa AAAAB3NzaC1yc2EAAAADAQABAAACAQDWweXO35vzQzczfUUdBTZ+lFhPaelR6V9t3gePQDPwABuR4b+uXs8dkf2zhx5qMwxZNSi9ouElhzwPg0cI34dSp3OXTkh++Zgkw5uNZMjgpYXIqUZYcC+oocSgJuQI6wCpwgfMp1YwkJ8S/v0ePleWsIlsikCXKqqOKvrovZJ69rFlEG7c6RQZTVUA2AuwyIvkVJYFiVNdRwelRj9/T3w7TVzlFCUUWPYabtvg64PPF8KXVnPnunh+XILw4jCL7yyXEfYSnvPEb87ltyrGbryYofFFrRwSzSX50bfUe/RtsHORQ94i1ZYUZ0kn/QrCZTWdNeRqNMuFbtb+k6c4oswe9/XVzXNoLIzND4bnVpABachKygoiOpxBo2UHiskfYJNMKc1kVLlijJR+0qnMg1jhOEGAtAdnu1Xi07dFYnc8SVsvgI8+8TicW6K93WTd/bHN+j8ue1uu59FPIN9ttzqB9sv5aMXW0/1HoB05BVcCE8NfwyvAknMSbKr7qWaZnlIUgjschGiYvgyaIdqeOSbUbJewEXmU5qOKp199YCvyCLx58E4zCbfvlODyVj4L8ElT8y/c5oRJogTD6/DTpCOOkCaK4uACN/YzDuPNwGtG/Z6XKcBv7niEMtHDIHq71nufmuohsVucCXV/ed+Nn8fs1AMP87DIH5AqPgkeb0wbqw==\n"
            },
            "metadata_fingerprint": "ltbf1HeqjCg=",
            "metadata_startup_script": null,
            "min_cpu_platform": "",
            "name": "terraform-instance-1",
            "network_interface": [
              {
                "access_config": [
                  {
                    "nat_ip": "104.154.221.55",
                    "network_tier": "PREMIUM",
                    "public_ptr_domain_name": ""
                  }
                ],
                "alias_ip_range": [],
                "ipv6_access_config": [],
                "ipv6_access_type": "",
                "name": "nic0",
                "network": "https://www.googleapis.com/compute/v1/projects/gcp-testo1/global/networks/test-network",
                "network_ip": "10.2.0.3",
                "nic_type": "",
                "queue_count": 0,
                "stack_type": "IPV4_ONLY",
                "subnetwork": "https://www.googleapis.com/compute/v1/projects/gcp-testo1/regions/us-central1/subnetworks/test-subnetwork",
                "subnetwork_project": "gcp-testo1"
              }
            ],
            "project": "gcp-testo1",
            "reservation_affinity": [],
            "resource_policies": null,
            "scheduling": [
              {
                "automatic_restart": true,
                "instance_termination_action": "",
                "min_node_cpus": 0,
                "node_affinities": [],
                "on_host_maintenance": "MIGRATE",
                "preemptible": false,
                "provisioning_model": "STANDARD"
              }
            ],
            "scratch_disk": [],
            "self_link": "https://www.googleapis.com/compute/v1/projects/gcp-testo1/zones/us-central1-c/instances/terraform-instance-1",
            "service_account": [],
            "shielded_instance_config": [
              {
                "enable_integrity_monitoring": true,
                "enable_secure_boot": false,
                "enable_vtpm": true
              }
            ],
            "tags": [
              "allow-ssh"
            ],
            "tags_fingerprint": "SFX9LNAOdG8=",
            "timeouts": null,
            "zone": "us-central1-c"
          },
          "sensitive_attributes": [],
          "private": "eyJlMmJmYjczMC1lY2FhLTExZTYtOGY4OC0zNDM2M2JjN2M0YzAiOnsiY3JlYXRlIjoxMjAwMDAwMDAwMDAwLCJkZWxldGUiOjEyMDAwMDAwMDAwMDAsInVwZGF0ZSI6MTIwMDAwMDAwMDAwMH0sInNjaGVtYV92ZXJzaW9uIjoiNiJ9",
          "dependencies": [
            "google_compute_address.static_ip",
            "google_compute_network.custom-test",
            "google_compute_subnetwork.network-1",
            "tls_private_key.ssh"
          ]
        }
      ]
    },
    {
      "mode": "managed",
      "type": "google_compute_instance",
      "name": "vm_instance-2",
      "provider": "provider[\"registry.terraform.io/hashicorp/google\"]",
      "instances": [
        {
          "schema_version": 6,
          "attributes": {
            "advanced_machine_features": [],
            "allow_stopping_for_update": null,
            "attached_disk": [],
            "boot_disk": [
              {
                "auto_delete": true,
                "device_name": "persistent-disk-0",
                "disk_encryption_key_raw": "",
                "disk_encryption_key_sha256": "",
                "initialize_params": [
                  {
                    "image": "https://www.googleapis.com/compute/v1/projects/ubuntu-os-pro-cloud/global/images/ubuntu-pro-2004-focal-v20221010",
                    "labels": {},
                    "size": 10,
                    "type": "pd-standard"
                  }
                ],
                "kms_key_self_link": "",
                "mode": "READ_WRITE",
                "source": "https://www.googleapis.com/compute/v1/projects/gcp-testo1/zones/us-central1-c/disks/terraform-instance-2"
              }
            ],
            "can_ip_forward": false,
            "confidential_instance_config": [],
            "cpu_platform": "Intel Broadwell",
            "current_status": "RUNNING",
            "deletion_protection": false,
            "description": "",
            "desired_status": null,
            "enable_display": false,
            "guest_accelerator": [],
            "hostname": "",
            "id": "projects/gcp-testo1/zones/us-central1-c/instances/terraform-instance-2",
            "instance_id": "2698262882766338402",
            "label_fingerprint": "42WmSpB8rSM=",
            "labels": null,
            "machine_type": "e2-micro",
            "metadata": {
              "ssh-keys": "ansible:ssh-rsa AAAAB3NzaC1yc2EAAAADAQABAAACAQDWweXO35vzQzczfUUdBTZ+lFhPaelR6V9t3gePQDPwABuR4b+uXs8dkf2zhx5qMwxZNSi9ouElhzwPg0cI34dSp3OXTkh++Zgkw5uNZMjgpYXIqUZYcC+oocSgJuQI6wCpwgfMp1YwkJ8S/v0ePleWsIlsikCXKqqOKvrovZJ69rFlEG7c6RQZTVUA2AuwyIvkVJYFiVNdRwelRj9/T3w7TVzlFCUUWPYabtvg64PPF8KXVnPnunh+XILw4jCL7yyXEfYSnvPEb87ltyrGbryYofFFrRwSzSX50bfUe/RtsHORQ94i1ZYUZ0kn/QrCZTWdNeRqNMuFbtb+k6c4oswe9/XVzXNoLIzND4bnVpABachKygoiOpxBo2UHiskfYJNMKc1kVLlijJR+0qnMg1jhOEGAtAdnu1Xi07dFYnc8SVsvgI8+8TicW6K93WTd/bHN+j8ue1uu59FPIN9ttzqB9sv5aMXW0/1HoB05BVcCE8NfwyvAknMSbKr7qWaZnlIUgjschGiYvgyaIdqeOSbUbJewEXmU5qOKp199YCvyCLx58E4zCbfvlODyVj4L8ElT8y/c5oRJogTD6/DTpCOOkCaK4uACN/YzDuPNwGtG/Z6XKcBv7niEMtHDIHq71nufmuohsVucCXV/ed+Nn8fs1AMP87DIH5AqPgkeb0wbqw==\n"
            },
            "metadata_fingerprint": "ltbf1HeqjCg=",
            "metadata_startup_script": null,
            "min_cpu_platform": "",
            "name": "terraform-instance-2",
            "network_interface": [
              {
                "access_config": [
                  {
                    "nat_ip": "34.170.13.220",
                    "network_tier": "PREMIUM",
                    "public_ptr_domain_name": ""
                  }
                ],
                "alias_ip_range": [],
                "ipv6_access_config": [],
                "ipv6_access_type": "",
                "name": "nic0",
                "network": "https://www.googleapis.com/compute/v1/projects/gcp-testo1/global/networks/test-network",
                "network_ip": "10.2.0.2",
                "nic_type": "",
                "queue_count": 0,
                "stack_type": "IPV4_ONLY",
                "subnetwork": "https://www.googleapis.com/compute/v1/projects/gcp-testo1/regions/us-central1/subnetworks/test-subnetwork",
                "subnetwork_project": "gcp-testo1"
              }
            ],
            "project": "gcp-testo1",
            "reservation_affinity": [],
            "resource_policies": null,
            "scheduling": [
              {
                "automatic_restart": true,
                "instance_termination_action": "",
                "min_node_cpus": 0,
                "node_affinities": [],
                "on_host_maintenance": "MIGRATE",
                "preemptible": false,
                "provisioning_model": "STANDARD"
              }
            ],
            "scratch_disk": [],
            "self_link": "https://www.googleapis.com/compute/v1/projects/gcp-testo1/zones/us-central1-c/instances/terraform-instance-2",
            "service_account": [],
            "shielded_instance_config": [
              {
                "enable_integrity_monitoring": true,
                "enable_secure_boot": false,
                "enable_vtpm": true
              }
            ],
            "tags": [
              "allow-ssh"
            ],
            "tags_fingerprint": "SFX9LNAOdG8=",
            "timeouts": null,
            "zone": "us-central1-c"
          },
          "sensitive_attributes": [],
          "private": "eyJlMmJmYjczMC1lY2FhLTExZTYtOGY4OC0zNDM2M2JjN2M0YzAiOnsiY3JlYXRlIjoxMjAwMDAwMDAwMDAwLCJkZWxldGUiOjEyMDAwMDAwMDAwMDAsInVwZGF0ZSI6MTIwMDAwMDAwMDAwMH0sInNjaGVtYV92ZXJzaW9uIjoiNiJ9",
          "dependencies": [
            "google_compute_network.custom-test",
            "google_compute_subnetwork.network-1",
            "tls_private_key.ssh"
          ]
        }
      ]
    },
    {
      "mode": "managed",
      "type": "google_compute_network",
      "name": "custom-test",
      "provider": "provider[\"registry.terraform.io/hashicorp/google\"]",
      "instances": [
        {
          "schema_version": 0,
          "attributes": {
            "auto_create_subnetworks": false,
            "delete_default_routes_on_create": false,
            "description": "",
            "enable_ula_internal_ipv6": false,
            "gateway_ipv4": "",
            "id": "projects/gcp-testo1/global/networks/test-network",
            "internal_ipv6_range": "",
            "mtu": 0,
            "name": "test-network",
            "project": "gcp-testo1",
            "routing_mode": "REGIONAL",
            "self_link": "https://www.googleapis.com/compute/v1/projects/gcp-testo1/global/networks/test-network",
            "timeouts": null
          },
          "sensitive_attributes": [],
          "private": "eyJlMmJmYjczMC1lY2FhLTExZTYtOGY4OC0zNDM2M2JjN2M0YzAiOnsiY3JlYXRlIjoxMjAwMDAwMDAwMDAwLCJkZWxldGUiOjEyMDAwMDAwMDAwMDAsInVwZGF0ZSI6MTIwMDAwMDAwMDAwMH19"
        }
      ]
    },
    {
      "mode": "managed",
      "type": "google_compute_subnetwork",
      "name": "network-1",
      "provider": "provider[\"registry.terraform.io/hashicorp/google\"]",
      "instances": [
        {
          "schema_version": 0,
          "attributes": {
            "creation_timestamp": "2022-10-10T23:04:48.903-07:00",
            "description": "",
            "external_ipv6_prefix": "",
            "fingerprint": null,
            "gateway_address": "10.2.0.1",
            "id": "projects/gcp-testo1/regions/us-central1/subnetworks/test-subnetwork",
            "ip_cidr_range": "10.2.0.0/16",
            "ipv6_access_type": "",
            "ipv6_cidr_range": "",
            "log_config": [],
            "name": "test-subnetwork",
            "network": "https://www.googleapis.com/compute/v1/projects/gcp-testo1/global/networks/test-network",
            "private_ip_google_access": false,
            "private_ipv6_google_access": "DISABLE_GOOGLE_ACCESS",
            "project": "gcp-testo1",
            "purpose": "PRIVATE",
            "region": "us-central1",
            "role": "",
            "secondary_ip_range": [],
            "self_link": "https://www.googleapis.com/compute/v1/projects/gcp-testo1/regions/us-central1/subnetworks/test-subnetwork",
            "stack_type": "IPV4_ONLY",
            "timeouts": null
          },
          "sensitive_attributes": [],
          "private": "eyJlMmJmYjczMC1lY2FhLTExZTYtOGY4OC0zNDM2M2JjN2M0YzAiOnsiY3JlYXRlIjoxMjAwMDAwMDAwMDAwLCJkZWxldGUiOjEyMDAwMDAwMDAwMDAsInVwZGF0ZSI6MTIwMDAwMDAwMDAwMH19",
          "dependencies": [
            "google_compute_network.custom-test"
          ]
        }
      ]
    },
    {
      "mode": "managed",
      "type": "google_project_service",
      "name": "cloud_resource_manager",
      "provider": "provider[\"registry.terraform.io/hashicorp/google\"]",
      "instances": [
        {
          "schema_version": 0,
          "attributes": {
            "disable_dependent_services": null,
            "disable_on_destroy": false,
            "id": "gcp-testo1/cloudresourcemanager.googleapis.com",
            "project": "gcp-testo1",
            "service": "cloudresourcemanager.googleapis.com",
            "timeouts": null
          },
          "sensitive_attributes": [],
          "private": "eyJlMmJmYjczMC1lY2FhLTExZTYtOGY4OC0zNDM2M2JjN2M0YzAiOnsiY3JlYXRlIjoxMjAwMDAwMDAwMDAwLCJkZWxldGUiOjEyMDAwMDAwMDAwMDAsInJlYWQiOjYwMDAwMDAwMDAwMCwidXBkYXRlIjoxMjAwMDAwMDAwMDAwfX0="
        }
      ]
    },
    {
      "mode": "managed",
      "type": "google_project_service",
      "name": "compute",
      "provider": "provider[\"registry.terraform.io/hashicorp/google\"]",
      "instances": [
        {
          "schema_version": 0,
          "attributes": {
            "disable_dependent_services": null,
            "disable_on_destroy": false,
            "id": "gcp-testo1/compute.googleapis.com",
            "project": "gcp-testo1",
            "service": "compute.googleapis.com",
            "timeouts": null
          },
          "sensitive_attributes": [],
          "private": "eyJlMmJmYjczMC1lY2FhLTExZTYtOGY4OC0zNDM2M2JjN2M0YzAiOnsiY3JlYXRlIjoxMjAwMDAwMDAwMDAwLCJkZWxldGUiOjEyMDAwMDAwMDAwMDAsInJlYWQiOjYwMDAwMDAwMDAwMCwidXBkYXRlIjoxMjAwMDAwMDAwMDAwfX0="
        }
      ]
    },
    {
      "mode": "managed",
      "type": "local_file",
      "name": "inventory",
      "provider": "provider[\"registry.terraform.io/hashicorp/local\"]",
      "instances": [
        {
          "schema_version": 0,
          "attributes": {
            "content": "[webserver]\n10.2.0.3\nlocalhost\n34.170.13.220\n[remote]\n104.154.221.55\n34.170.13.220\n",
            "content_base64": null,
            "directory_permission": "0777",
            "file_permission": "0644",
            "filename": "./../../inventory/hosts.ini",
            "id": "f05c30920f2e559a6140083ab64e519ce00b4b05",
            "sensitive_content": null,
            "source": null
          },
          "sensitive_attributes": [],
          "private": "bnVsbA==",
          "dependencies": [
            "google_compute_address.static_ip",
            "google_compute_instance.vm_instance",
            "google_compute_instance.vm_instance-2",
            "google_compute_network.custom-test",
            "google_compute_subnetwork.network-1",
            "tls_private_key.ssh"
          ]
        }
      ]
    },
    {
      "mode": "managed",
      "type": "local_file",
      "name": "ssh_private_key_pem",
      "provider": "provider[\"registry.terraform.io/hashicorp/local\"]",
      "instances": [
        {
          "schema_version": 0,
          "attributes": {
            "content": "-----BEGIN RSA PRIVATE KEY-----\nMIIJKQIBAAKCAgEA1sHlzt+b80M3M31FHQU2fpRYT2npUelfbd4Hj0Az8AAbkeG/\nrl7PHZH9s4ceajMMWTUovaLhJYc8D4NHCN+HUqdzl05IfvmYJMObjWTI4KWFyKlG\nWHAvqKHEoCbkCOsAqcIHzKdWMJCfEv79Hj5XlrCJbIpAlyqqjir66L2SevaxZRBu\n3OkUGU1VANgLsMiL5FSWBYlTXUcHpUY/f098O01c5RQlFFj2Gm7b4OuDzxfCl1Zz\n57p4flyC8OIwi+8slxH2Ep7zxG/O5bcqxm68mKHxRa0cEs0l+dG31Hv0bbBzkUPe\nItWWFGdJJ/0KwmU1nTXkajTLhW7W/pOnOKLMHvf11c1zaCyMzQ+G51aQAWnISsoK\nIjqcQaNlB4rJH2CTTCnNZFS5YoyUftKpzINY4ThBgLQHZ7tV4tO3RWJ3PElbL4CP\nPvE4nFuivd1k3f2xzfo/LntbrufRTyDfbbc6gfbL+WjF1tP9R6AdOQVXAhPDX8Mr\nwJJzEmyq+6lmmZ5SFII7HIRomL4MmiHanjkm1GyXsBF5lOajiqdffWAr8gi8efBO\nMwm375Tg8lY+C/BJU/Mv3OaESaIEw+vw06QjjpAmiuLgAjf2Mw7jzcBrRv2elynA\nb+54hDLRwyB6u9Z7n5rqIbFbnAl1f3nfjZ/H7NQDD/OwyB+QKj4JHm9MG6sCAwEA\nAQKCAgEAvxXN7hHGyF/RWS4oddbykxRZs2eQpEKbl72MSmkdDXp7DYWpsXRIo44I\nCFq8tE/xt9p2Aq5P2L2IsmDjrsB9vwyh7EpKdTiOqH+oA9peZozBCjecEQrZTRmL\nQ9j24/x+HY44tF9ccF/uOs/J1sQv2TQBQyOMrzTWhyM1GCu9j027sCo8CrIVISJO\n9S5G0KjQ2Hxu9EQpegC+i8+CpjvKVVXTxzzydTVm3UQwvuOv52/DxDa3cMPZfM3B\n8KXB/nD04wKnShBG5E178afWFrPneYP2k0GhjhUdqjhxck5MweDUI7gYijQzkroI\nPN2JWkkFuHmAYQPS50olYGVu0BUCuxYkpXf8nXlLhNmrf+ZG6T8TgvHSF/JlMjWO\nikXALS0tGP0lkIXoqzuZ06Y9O1sOECdUBqKJ1VW1nmm8b+B4qYBBxMxSiSERZF/e\nByzSjxNb+cgkDOcg2fhts0gzwC7F1qFZ2H6ciQiGHHkVaLzRua1/PoYwPh7HHT7P\neccs+nOuz2kjpI09rEmMHkTG6F85JlsMwcc7KkvYYt8snxj8WFRMCD9/ITTF/q4r\ncXiTKE1JyZAE9dP7OTTX8sU+PxBGYYMDqpgCfw/f2DT0SVuj8wMy67/9qD+flmXj\nCDFj4YUTKmN41k3PKHrFPNXtnCCiaWvq5SUr9nSOcXsuaIYiubkCggEBAObirOS1\nnMs3KFIwFn0Qqm+ORF9LVfdlLjh7EIslOmwuP8wwKvhFQFZdenGLlZU55tJqxsQo\n2fCM4HQrNjOMxTf3P0Z9DLwr9y1SB3gxDEC1VCJoyyFhCgrN7Kop8o2hcruUB84U\nw9fbQoSCeY+Ol3LMX12YWYMuiM5u1SjnAh1ELKVeW1QdS/5tUmhb2pdIvI0NEwqg\nqagBYr8Psz+4/MNsZ/sDf5gFpG7A+m2cldzcGfc7AWkvxdYwgRPdjM21yfS06XHH\n9ZgOc5Tcsc06pyQNDfUhdibU9wnW6UQm4NwmmGaTJ361wUfBDPeygX9OPxlRqNPL\n0DNQy35idKPkHCUCggEBAO4eHWQhFDd/NVcGuYWGPjsCEHkmKNNhjUQX5jNm5OsB\n6ilMnU3bEDcvUxW20zdt8kP/w+DKq/ICze6RiRRIfPAXHIJnwvj6M1KO5ej49Q6U\nl6SCVcNpr9HeQkEDcFfNucySnPuo/ljFrbaVmV29mxyxAXPw9ExDRMt4x43qZnWa\nkYyWzdrHQsKUT2PiDfFmlnceNZiTtybTyYfvARIS7FjlOvEcWx/eVCOeGhuG25YU\ngNHAi6xjLUw4rFd8GQrL3cqefqtQqMvmHU6kgrEb2Ptk/6RgxpOsiJDiB2601mdQ\nO2wCeAdLKHvVUDZZIe1RyRiA8LJowI13N2f8ToEf548CggEANjDBz7RoprG9fvzW\namg8+I31skAmXziaTptj2KTWP4njY3Nywm7OmPa7xGa0px+982koWeYUsQb/r4Rs\n5lCGAYrAiTTUhl3zV+nG4wjwDUgCBUl/U8hI6RxIDfBmg6N/IFOwOUhaZxGJXTya\nd31KQqGBSKB3cfi8F2egFEeUEXZs3Ct3WBjAO2lBTEky1ws1Zg3JiFcJOuuIV7vB\noJU0jlGlXh8GFZJNc8lLfeqgqgPm/EYXIK8byhf8U8NORwIB8rN7jz8Vf6j0q93Y\nxYicrjN6MSy3ZInbqa2NdneBk2pjnr+vJ2hVgxfmiUSWbGDbIoAuFffiWAkAmhtV\nsRnbGQKCAQEAp4d+jD0NuUIBqDnt+viI/gEkz+e+H4Jp3nemGZISCxnswqPJpMY0\ncW8VWJipoDz1j0v6Z0SQlxPMCUZRmHirlkvcXg9cyMlXpIUvUqsd1uVKj463gmXw\nMoraOF2QA+aVC043roOmd5SU9HnqTl6hLB2I9SaY6rMFStauJ7W74pAeSTismnlJ\nChdIh/C6eJYB1MrnUHLVEDc/eij4qtuvd5fH0W1u20wUDH8mxSkrgzrnqyt52Y5p\nh0/0SRThlYv7fpvmaOe16sb65aKu5KbAEZdsmR0ReUKRTsYIDqailkuHkyVlh1Qk\npoNdDO/HA+5fuqK1NgCnQKCY1ctY/FYTFwKCAQBwQLfOcl/kASwqEqcoFB7zrEv4\nXXmq3Foh88Ja8KCwhasODD9Tyhq8OF7Uow1P63ih4A1UMry2B0UwwbXudgVD622u\n3MeBsxY6q/idUpk512ro2yOsgBdK8y+Pp8+hf6jOxhUiu/vlMAkzeF3VjePIpVAt\ns9QV4u8XBoEQ+mne542WqS7gQsKhfexbcT4sNTG7N780KG5NgW1cOE+/4tSkcZkc\ndO7yhXGcVcuq5P/JC57R0Qyg/YJBieEzmo217zmRnFxHVstBH14Qd/DcTBXOLadC\njZHVY7K9KjT0Thkwd0K8HIl3nANDH566XlQnLthUE2D0nIz4wmLnYy83G3XN\n-----END RSA PRIVATE KEY-----\n",
            "content_base64": null,
            "directory_permission": "0777",
            "file_permission": "0600",
            "filename": "../../.ssh/google_compute_engine",
            "id": "963a96cb64f2ee54aac1125d454d46d2fdb070a2",
            "sensitive_content": null,
            "source": null
          },
          "sensitive_attributes": [
            [
              {
                "type": "get_attr",
                "value": "content"
              }
            ]
          ],
          "private": "bnVsbA==",
          "dependencies": [
            "tls_private_key.ssh"
          ]
        }
      ]
    },
    {
      "mode": "managed",
      "type": "local_file",
      "name": "ssh_public_key_pem",
      "provider": "provider[\"registry.terraform.io/hashicorp/local\"]",
      "instances": [
        {
          "schema_version": 0,
          "attributes": {
            "content": "ssh-rsa AAAAB3NzaC1yc2EAAAADAQABAAACAQDWweXO35vzQzczfUUdBTZ+lFhPaelR6V9t3gePQDPwABuR4b+uXs8dkf2zhx5qMwxZNSi9ouElhzwPg0cI34dSp3OXTkh++Zgkw5uNZMjgpYXIqUZYcC+oocSgJuQI6wCpwgfMp1YwkJ8S/v0ePleWsIlsikCXKqqOKvrovZJ69rFlEG7c6RQZTVUA2AuwyIvkVJYFiVNdRwelRj9/T3w7TVzlFCUUWPYabtvg64PPF8KXVnPnunh+XILw4jCL7yyXEfYSnvPEb87ltyrGbryYofFFrRwSzSX50bfUe/RtsHORQ94i1ZYUZ0kn/QrCZTWdNeRqNMuFbtb+k6c4oswe9/XVzXNoLIzND4bnVpABachKygoiOpxBo2UHiskfYJNMKc1kVLlijJR+0qnMg1jhOEGAtAdnu1Xi07dFYnc8SVsvgI8+8TicW6K93WTd/bHN+j8ue1uu59FPIN9ttzqB9sv5aMXW0/1HoB05BVcCE8NfwyvAknMSbKr7qWaZnlIUgjschGiYvgyaIdqeOSbUbJewEXmU5qOKp199YCvyCLx58E4zCbfvlODyVj4L8ElT8y/c5oRJogTD6/DTpCOOkCaK4uACN/YzDuPNwGtG/Z6XKcBv7niEMtHDIHq71nufmuohsVucCXV/ed+Nn8fs1AMP87DIH5AqPgkeb0wbqw==\n",
            "content_base64": null,
            "directory_permission": "0777",
            "file_permission": "0600",
            "filename": "../../.ssh/google_compute_engine.pub",
            "id": "13239a40112af737ff346ea808c94c73d47d9c33",
            "sensitive_content": null,
            "source": null
          },
          "sensitive_attributes": [],
          "private": "bnVsbA==",
          "dependencies": [
            "tls_private_key.ssh"
          ]
        }
      ]
    },
    {
      "mode": "managed",
      "type": "null_resource",
      "name": "example2",
      "provider": "provider[\"registry.terraform.io/hashicorp/null\"]",
      "instances": [
        {
          "schema_version": 0,
          "attributes": {
            "id": "7678439458203966460",
            "triggers": null
          },
          "sensitive_attributes": [],
          "private": "bnVsbA=="
        }
      ]
    },
    {
      "mode": "managed",
      "type": "tls_private_key",
      "name": "ssh",
      "provider": "provider[\"registry.terraform.io/hashicorp/tls\"]",
      "instances": [
        {
          "schema_version": 0,
          "attributes": {
            "algorithm": "RSA",
            "ecdsa_curve": "P224",
            "id": "4c6eeaa78d97cc6473f0cb784a445ffa0f3e3f28",
            "private_key_pem": "-----BEGIN RSA PRIVATE KEY-----\nMIIJKQIBAAKCAgEA1sHlzt+b80M3M31FHQU2fpRYT2npUelfbd4Hj0Az8AAbkeG/\nrl7PHZH9s4ceajMMWTUovaLhJYc8D4NHCN+HUqdzl05IfvmYJMObjWTI4KWFyKlG\nWHAvqKHEoCbkCOsAqcIHzKdWMJCfEv79Hj5XlrCJbIpAlyqqjir66L2SevaxZRBu\n3OkUGU1VANgLsMiL5FSWBYlTXUcHpUY/f098O01c5RQlFFj2Gm7b4OuDzxfCl1Zz\n57p4flyC8OIwi+8slxH2Ep7zxG/O5bcqxm68mKHxRa0cEs0l+dG31Hv0bbBzkUPe\nItWWFGdJJ/0KwmU1nTXkajTLhW7W/pOnOKLMHvf11c1zaCyMzQ+G51aQAWnISsoK\nIjqcQaNlB4rJH2CTTCnNZFS5YoyUftKpzINY4ThBgLQHZ7tV4tO3RWJ3PElbL4CP\nPvE4nFuivd1k3f2xzfo/LntbrufRTyDfbbc6gfbL+WjF1tP9R6AdOQVXAhPDX8Mr\nwJJzEmyq+6lmmZ5SFII7HIRomL4MmiHanjkm1GyXsBF5lOajiqdffWAr8gi8efBO\nMwm375Tg8lY+C/BJU/Mv3OaESaIEw+vw06QjjpAmiuLgAjf2Mw7jzcBrRv2elynA\nb+54hDLRwyB6u9Z7n5rqIbFbnAl1f3nfjZ/H7NQDD/OwyB+QKj4JHm9MG6sCAwEA\nAQKCAgEAvxXN7hHGyF/RWS4oddbykxRZs2eQpEKbl72MSmkdDXp7DYWpsXRIo44I\nCFq8tE/xt9p2Aq5P2L2IsmDjrsB9vwyh7EpKdTiOqH+oA9peZozBCjecEQrZTRmL\nQ9j24/x+HY44tF9ccF/uOs/J1sQv2TQBQyOMrzTWhyM1GCu9j027sCo8CrIVISJO\n9S5G0KjQ2Hxu9EQpegC+i8+CpjvKVVXTxzzydTVm3UQwvuOv52/DxDa3cMPZfM3B\n8KXB/nD04wKnShBG5E178afWFrPneYP2k0GhjhUdqjhxck5MweDUI7gYijQzkroI\nPN2JWkkFuHmAYQPS50olYGVu0BUCuxYkpXf8nXlLhNmrf+ZG6T8TgvHSF/JlMjWO\nikXALS0tGP0lkIXoqzuZ06Y9O1sOECdUBqKJ1VW1nmm8b+B4qYBBxMxSiSERZF/e\nByzSjxNb+cgkDOcg2fhts0gzwC7F1qFZ2H6ciQiGHHkVaLzRua1/PoYwPh7HHT7P\neccs+nOuz2kjpI09rEmMHkTG6F85JlsMwcc7KkvYYt8snxj8WFRMCD9/ITTF/q4r\ncXiTKE1JyZAE9dP7OTTX8sU+PxBGYYMDqpgCfw/f2DT0SVuj8wMy67/9qD+flmXj\nCDFj4YUTKmN41k3PKHrFPNXtnCCiaWvq5SUr9nSOcXsuaIYiubkCggEBAObirOS1\nnMs3KFIwFn0Qqm+ORF9LVfdlLjh7EIslOmwuP8wwKvhFQFZdenGLlZU55tJqxsQo\n2fCM4HQrNjOMxTf3P0Z9DLwr9y1SB3gxDEC1VCJoyyFhCgrN7Kop8o2hcruUB84U\nw9fbQoSCeY+Ol3LMX12YWYMuiM5u1SjnAh1ELKVeW1QdS/5tUmhb2pdIvI0NEwqg\nqagBYr8Psz+4/MNsZ/sDf5gFpG7A+m2cldzcGfc7AWkvxdYwgRPdjM21yfS06XHH\n9ZgOc5Tcsc06pyQNDfUhdibU9wnW6UQm4NwmmGaTJ361wUfBDPeygX9OPxlRqNPL\n0DNQy35idKPkHCUCggEBAO4eHWQhFDd/NVcGuYWGPjsCEHkmKNNhjUQX5jNm5OsB\n6ilMnU3bEDcvUxW20zdt8kP/w+DKq/ICze6RiRRIfPAXHIJnwvj6M1KO5ej49Q6U\nl6SCVcNpr9HeQkEDcFfNucySnPuo/ljFrbaVmV29mxyxAXPw9ExDRMt4x43qZnWa\nkYyWzdrHQsKUT2PiDfFmlnceNZiTtybTyYfvARIS7FjlOvEcWx/eVCOeGhuG25YU\ngNHAi6xjLUw4rFd8GQrL3cqefqtQqMvmHU6kgrEb2Ptk/6RgxpOsiJDiB2601mdQ\nO2wCeAdLKHvVUDZZIe1RyRiA8LJowI13N2f8ToEf548CggEANjDBz7RoprG9fvzW\namg8+I31skAmXziaTptj2KTWP4njY3Nywm7OmPa7xGa0px+982koWeYUsQb/r4Rs\n5lCGAYrAiTTUhl3zV+nG4wjwDUgCBUl/U8hI6RxIDfBmg6N/IFOwOUhaZxGJXTya\nd31KQqGBSKB3cfi8F2egFEeUEXZs3Ct3WBjAO2lBTEky1ws1Zg3JiFcJOuuIV7vB\noJU0jlGlXh8GFZJNc8lLfeqgqgPm/EYXIK8byhf8U8NORwIB8rN7jz8Vf6j0q93Y\nxYicrjN6MSy3ZInbqa2NdneBk2pjnr+vJ2hVgxfmiUSWbGDbIoAuFffiWAkAmhtV\nsRnbGQKCAQEAp4d+jD0NuUIBqDnt+viI/gEkz+e+H4Jp3nemGZISCxnswqPJpMY0\ncW8VWJipoDz1j0v6Z0SQlxPMCUZRmHirlkvcXg9cyMlXpIUvUqsd1uVKj463gmXw\nMoraOF2QA+aVC043roOmd5SU9HnqTl6hLB2I9SaY6rMFStauJ7W74pAeSTismnlJ\nChdIh/C6eJYB1MrnUHLVEDc/eij4qtuvd5fH0W1u20wUDH8mxSkrgzrnqyt52Y5p\nh0/0SRThlYv7fpvmaOe16sb65aKu5KbAEZdsmR0ReUKRTsYIDqailkuHkyVlh1Qk\npoNdDO/HA+5fuqK1NgCnQKCY1ctY/FYTFwKCAQBwQLfOcl/kASwqEqcoFB7zrEv4\nXXmq3Foh88Ja8KCwhasODD9Tyhq8OF7Uow1P63ih4A1UMry2B0UwwbXudgVD622u\n3MeBsxY6q/idUpk512ro2yOsgBdK8y+Pp8+hf6jOxhUiu/vlMAkzeF3VjePIpVAt\ns9QV4u8XBoEQ+mne542WqS7gQsKhfexbcT4sNTG7N780KG5NgW1cOE+/4tSkcZkc\ndO7yhXGcVcuq5P/JC57R0Qyg/YJBieEzmo217zmRnFxHVstBH14Qd/DcTBXOLadC\njZHVY7K9KjT0Thkwd0K8HIl3nANDH566XlQnLthUE2D0nIz4wmLnYy83G3XN\n-----END RSA PRIVATE KEY-----\n",
            "public_key_fingerprint_md5": "bc:5a:93:2a:74:f5:69:59:8d:4c:83:77:e2:ec:4b:b5",
            "public_key_openssh": "ssh-rsa AAAAB3NzaC1yc2EAAAADAQABAAACAQDWweXO35vzQzczfUUdBTZ+lFhPaelR6V9t3gePQDPwABuR4b+uXs8dkf2zhx5qMwxZNSi9ouElhzwPg0cI34dSp3OXTkh++Zgkw5uNZMjgpYXIqUZYcC+oocSgJuQI6wCpwgfMp1YwkJ8S/v0ePleWsIlsikCXKqqOKvrovZJ69rFlEG7c6RQZTVUA2AuwyIvkVJYFiVNdRwelRj9/T3w7TVzlFCUUWPYabtvg64PPF8KXVnPnunh+XILw4jCL7yyXEfYSnvPEb87ltyrGbryYofFFrRwSzSX50bfUe/RtsHORQ94i1ZYUZ0kn/QrCZTWdNeRqNMuFbtb+k6c4oswe9/XVzXNoLIzND4bnVpABachKygoiOpxBo2UHiskfYJNMKc1kVLlijJR+0qnMg1jhOEGAtAdnu1Xi07dFYnc8SVsvgI8+8TicW6K93WTd/bHN+j8ue1uu59FPIN9ttzqB9sv5aMXW0/1HoB05BVcCE8NfwyvAknMSbKr7qWaZnlIUgjschGiYvgyaIdqeOSbUbJewEXmU5qOKp199YCvyCLx58E4zCbfvlODyVj4L8ElT8y/c5oRJogTD6/DTpCOOkCaK4uACN/YzDuPNwGtG/Z6XKcBv7niEMtHDIHq71nufmuohsVucCXV/ed+Nn8fs1AMP87DIH5AqPgkeb0wbqw==\n",
            "public_key_pem": "-----BEGIN PUBLIC KEY-----\nMIICIjANBgkqhkiG9w0BAQEFAAOCAg8AMIICCgKCAgEA1sHlzt+b80M3M31FHQU2\nfpRYT2npUelfbd4Hj0Az8AAbkeG/rl7PHZH9s4ceajMMWTUovaLhJYc8D4NHCN+H\nUqdzl05IfvmYJMObjWTI4KWFyKlGWHAvqKHEoCbkCOsAqcIHzKdWMJCfEv79Hj5X\nlrCJbIpAlyqqjir66L2SevaxZRBu3OkUGU1VANgLsMiL5FSWBYlTXUcHpUY/f098\nO01c5RQlFFj2Gm7b4OuDzxfCl1Zz57p4flyC8OIwi+8slxH2Ep7zxG/O5bcqxm68\nmKHxRa0cEs0l+dG31Hv0bbBzkUPeItWWFGdJJ/0KwmU1nTXkajTLhW7W/pOnOKLM\nHvf11c1zaCyMzQ+G51aQAWnISsoKIjqcQaNlB4rJH2CTTCnNZFS5YoyUftKpzINY\n4ThBgLQHZ7tV4tO3RWJ3PElbL4CPPvE4nFuivd1k3f2xzfo/LntbrufRTyDfbbc6\ngfbL+WjF1tP9R6AdOQVXAhPDX8MrwJJzEmyq+6lmmZ5SFII7HIRomL4MmiHanjkm\n1GyXsBF5lOajiqdffWAr8gi8efBOMwm375Tg8lY+C/BJU/Mv3OaESaIEw+vw06Qj\njpAmiuLgAjf2Mw7jzcBrRv2elynAb+54hDLRwyB6u9Z7n5rqIbFbnAl1f3nfjZ/H\n7NQDD/OwyB+QKj4JHm9MG6sCAwEAAQ==\n-----END PUBLIC KEY-----\n",
            "rsa_bits": 4096
          },
          "sensitive_attributes": [],
          "private": "bnVsbA=="
        }
      ]
    }
  ],
  "check_results": []
}
