{
  "version": 4,
  "terraform_version": "1.3.0",
  "serial": 294,
  "lineage": "80f52f80-5cfc-2a57-ad9f-3d73887aa747",
  "outputs": {
    "public_ip": {
      "value": "35.194.11.83",
      "type": "string"
    }
  },
  "resources": [
    {
      "mode": "data",
      "type": "google_client_openid_userinfo",
      "name": "me",
      "provider": "provider[\"registry.terraform.io/hashicorp/google\"]",
      "instances": [
        {
          "schema_version": 0,
          "attributes": {
            "email": "namanjain7206@gmail.com",
            "id": "namanjain7206@gmail.com"
          },
          "sensitive_attributes": []
        }
      ]
    },
    {
      "mode": "managed",
      "type": "google_compute_address",
      "name": "static_ip",
      "provider": "provider[\"registry.terraform.io/hashicorp/google\"]",
      "instances": [
        {
          "schema_version": 0,
          "attributes": {
            "address": "35.194.11.83",
            "address_type": "EXTERNAL",
            "creation_timestamp": "2022-09-29T08:59:34.693-07:00",
            "description": "",
            "id": "projects/gcp-testo1/regions/us-central1/addresses/terraform-created-vm",
            "name": "terraform-created-vm",
            "network": "",
            "network_tier": "PREMIUM",
            "prefix_length": 0,
            "project": "gcp-testo1",
            "purpose": "",
            "region": "us-central1",
            "self_link": "https://www.googleapis.com/compute/v1/projects/gcp-testo1/regions/us-central1/addresses/terraform-created-vm",
            "subnetwork": "",
            "timeouts": null,
            "users": []
          },
          "sensitive_attributes": [],
          "private": "eyJlMmJmYjczMC1lY2FhLTExZTYtOGY4OC0zNDM2M2JjN2M0YzAiOnsiY3JlYXRlIjoxMjAwMDAwMDAwMDAwLCJkZWxldGUiOjEyMDAwMDAwMDAwMDB9fQ=="
        }
      ]
    },
    {
      "mode": "managed",
      "type": "google_compute_firewall",
      "name": "ansible-fw-1",
      "provider": "provider[\"registry.terraform.io/hashicorp/google\"]",
      "instances": [
        {
          "schema_version": 1,
          "attributes": {
            "allow": [
              {
                "ports": [
                  "80",
                  "8080",
                  "22"
                ],
                "protocol": "tcp"
              },
              {
                "ports": [],
                "protocol": "icmp"
              }
            ],
            "creation_timestamp": "2022-09-29T08:59:45.686-07:00",
            "deny": [],
            "description": "",
            "destination_ranges": [],
            "direction": "INGRESS",
            "disabled": false,
            "enable_logging": null,
            "id": "projects/gcp-testo1/global/firewalls/test-firewall",
            "log_config": [],
            "name": "test-firewall",
            "network": "https://www.googleapis.com/compute/v1/projects/gcp-testo1/global/networks/test-network",
            "priority": 1000,
            "project": "gcp-testo1",
            "self_link": "https://www.googleapis.com/compute/v1/projects/gcp-testo1/global/firewalls/test-firewall",
            "source_ranges": [
              "0.0.0.0/0"
            ],
            "source_service_accounts": null,
            "source_tags": null,
            "target_service_accounts": null,
            "target_tags": [
              "allow-ssh"
            ],
            "timeouts": null
          },
          "sensitive_attributes": [],
          "private": "eyJlMmJmYjczMC1lY2FhLTExZTYtOGY4OC0zNDM2M2JjN2M0YzAiOnsiY3JlYXRlIjoxMjAwMDAwMDAwMDAwLCJkZWxldGUiOjEyMDAwMDAwMDAwMDAsInVwZGF0ZSI6MTIwMDAwMDAwMDAwMH0sInNjaGVtYV92ZXJzaW9uIjoiMSJ9",
          "dependencies": [
            "google_compute_network.custom-test"
          ]
        }
      ]
    },
    {
      "mode": "managed",
      "type": "google_compute_instance",
      "name": "vm_instance",
      "provider": "provider[\"registry.terraform.io/hashicorp/google\"]",
      "instances": [
        {
          "schema_version": 6,
          "attributes": {
            "advanced_machine_features": [],
            "allow_stopping_for_update": null,
            "attached_disk": [],
            "boot_disk": [
              {
                "auto_delete": true,
                "device_name": "persistent-disk-0",
                "disk_encryption_key_raw": "",
                "disk_encryption_key_sha256": "",
                "initialize_params": [
                  {
                    "image": "https://www.googleapis.com/compute/v1/projects/ubuntu-os-pro-cloud/global/images/ubuntu-pro-2004-focal-v20220905",
                    "labels": {},
                    "size": 10,
                    "type": "pd-standard"
                  }
                ],
                "kms_key_self_link": "",
                "mode": "READ_WRITE",
                "source": "https://www.googleapis.com/compute/v1/projects/gcp-testo1/zones/us-central1-c/disks/terraform-instance-1"
              }
            ],
            "can_ip_forward": false,
            "confidential_instance_config": [],
            "cpu_platform": "Intel Broadwell",
            "current_status": "RUNNING",
            "deletion_protection": false,
            "description": "",
            "desired_status": null,
            "enable_display": false,
            "guest_accelerator": [],
            "hostname": "",
            "id": "projects/gcp-testo1/zones/us-central1-c/instances/terraform-instance-1",
            "instance_id": "5241728440844451838",
            "label_fingerprint": "42WmSpB8rSM=",
            "labels": null,
            "machine_type": "e2-micro",
            "metadata": {
              "ssh-keys": "ansible:ssh-rsa AAAAB3NzaC1yc2EAAAADAQABAAACAQCsCk0QrGpZmJZ5ZO5dyOlF9ZSYnLh/JdHdj3Eq9AaL2BO63TPKwVFep/PxmY7vpI9aAih/tkKabP/jSKpsIcJQ5WkQvOMhZH++Ree26OH/bFQi05E+nS90RGo8t7SBH8DFcNzUw4rYAqKtXD2Hj8ZxZgKAsoRocWGo4vuI9P6VF8LrgaVZOZwVoWPtBVf1DE3Y1SEYyZWsLfi/XQSH596wckqMvCIP3QSA6N1Vb11C1HO4ULu9Ezxh3Cf8bNeKdUT9XTgW40jfdYC/JKdu6Us3f9lxAXHwYr2nVhj8sVds1IiYr5okrRjvmc41goUTCTwTaoGUQepbyVUMslwbSJxR4bFhgdMDnXDsMuZcBEM7t9sMwdXKs/YqomivRliH/3TuGyH+sru/sR+g7o5san9z1jx2KWZrNdmz8M9li2AGvIpZdzR08oGWIr1NcwA425pusJz0HucePfgApJ34PP36m38W33wClzTbrKkGUfqvLW1Zl8HKTQfdtjyJN8UQQvkbOooZ0ZCwgyPA3aOskgf4WJ16T0adqdFbzaLbD+XFvexgy0YvXfV1Nh92m0vCBjxfkMvQ1yma85BV6wtVlerD4+GDuC6Fe2LYuHoONAjD0xrMH7Kh8/6oEWcy7ZK0ebMs1I28W3NAs0TKaPCAwTV6mH2gNI3GwdJGDLl/4lriGQ==\n"
            },
            "metadata_fingerprint": "XZPgCXZ5lnc=",
            "metadata_startup_script": null,
            "min_cpu_platform": "",
            "name": "terraform-instance-1",
            "network_interface": [
              {
                "access_config": [
                  {
                    "nat_ip": "35.194.11.83",
                    "network_tier": "PREMIUM",
                    "public_ptr_domain_name": ""
                  }
                ],
                "alias_ip_range": [],
                "ipv6_access_config": [],
                "ipv6_access_type": "",
                "name": "nic0",
                "network": "https://www.googleapis.com/compute/v1/projects/gcp-testo1/global/networks/test-network",
                "network_ip": "10.2.0.3",
                "nic_type": "",
                "queue_count": 0,
                "stack_type": "IPV4_ONLY",
                "subnetwork": "https://www.googleapis.com/compute/v1/projects/gcp-testo1/regions/us-central1/subnetworks/test-subnetwork",
                "subnetwork_project": "gcp-testo1"
              }
            ],
            "project": "gcp-testo1",
            "reservation_affinity": [],
            "resource_policies": null,
            "scheduling": [
              {
                "automatic_restart": true,
                "instance_termination_action": "",
                "min_node_cpus": 0,
                "node_affinities": [],
                "on_host_maintenance": "MIGRATE",
                "preemptible": false,
                "provisioning_model": "STANDARD"
              }
            ],
            "scratch_disk": [],
            "self_link": "https://www.googleapis.com/compute/v1/projects/gcp-testo1/zones/us-central1-c/instances/terraform-instance-1",
            "service_account": [],
            "shielded_instance_config": [
              {
                "enable_integrity_monitoring": true,
                "enable_secure_boot": false,
                "enable_vtpm": true
              }
            ],
            "tags": [
              "allow-ssh"
            ],
            "tags_fingerprint": "SFX9LNAOdG8=",
            "timeouts": null,
            "zone": "us-central1-c"
          },
          "sensitive_attributes": [],
          "private": "eyJlMmJmYjczMC1lY2FhLTExZTYtOGY4OC0zNDM2M2JjN2M0YzAiOnsiY3JlYXRlIjoxMjAwMDAwMDAwMDAwLCJkZWxldGUiOjEyMDAwMDAwMDAwMDAsInVwZGF0ZSI6MTIwMDAwMDAwMDAwMH0sInNjaGVtYV92ZXJzaW9uIjoiNiJ9",
          "dependencies": [
            "google_compute_address.static_ip",
            "google_compute_network.custom-test",
            "google_compute_subnetwork.network-1",
            "tls_private_key.ssh"
          ]
        }
      ]
    },
    {
      "mode": "managed",
      "type": "google_compute_instance",
      "name": "vm_instance-2",
      "provider": "provider[\"registry.terraform.io/hashicorp/google\"]",
      "instances": [
        {
          "schema_version": 6,
          "attributes": {
            "advanced_machine_features": [],
            "allow_stopping_for_update": null,
            "attached_disk": [],
            "boot_disk": [
              {
                "auto_delete": true,
                "device_name": "persistent-disk-0",
                "disk_encryption_key_raw": "",
                "disk_encryption_key_sha256": "",
                "initialize_params": [
                  {
                    "image": "https://www.googleapis.com/compute/v1/projects/ubuntu-os-pro-cloud/global/images/ubuntu-pro-2004-focal-v20220905",
                    "labels": {},
                    "size": 10,
                    "type": "pd-standard"
                  }
                ],
                "kms_key_self_link": "",
                "mode": "READ_WRITE",
                "source": "https://www.googleapis.com/compute/v1/projects/gcp-testo1/zones/us-central1-c/disks/terraform-instance-2"
              }
            ],
            "can_ip_forward": false,
            "confidential_instance_config": [],
            "cpu_platform": "Intel Broadwell",
            "current_status": "RUNNING",
            "deletion_protection": false,
            "description": "",
            "desired_status": null,
            "enable_display": false,
            "guest_accelerator": [],
            "hostname": "",
            "id": "projects/gcp-testo1/zones/us-central1-c/instances/terraform-instance-2",
            "instance_id": "7300877767050559486",
            "label_fingerprint": "42WmSpB8rSM=",
            "labels": null,
            "machine_type": "e2-micro",
            "metadata": {
              "ssh-keys": "ansible:ssh-rsa AAAAB3NzaC1yc2EAAAADAQABAAACAQCsCk0QrGpZmJZ5ZO5dyOlF9ZSYnLh/JdHdj3Eq9AaL2BO63TPKwVFep/PxmY7vpI9aAih/tkKabP/jSKpsIcJQ5WkQvOMhZH++Ree26OH/bFQi05E+nS90RGo8t7SBH8DFcNzUw4rYAqKtXD2Hj8ZxZgKAsoRocWGo4vuI9P6VF8LrgaVZOZwVoWPtBVf1DE3Y1SEYyZWsLfi/XQSH596wckqMvCIP3QSA6N1Vb11C1HO4ULu9Ezxh3Cf8bNeKdUT9XTgW40jfdYC/JKdu6Us3f9lxAXHwYr2nVhj8sVds1IiYr5okrRjvmc41goUTCTwTaoGUQepbyVUMslwbSJxR4bFhgdMDnXDsMuZcBEM7t9sMwdXKs/YqomivRliH/3TuGyH+sru/sR+g7o5san9z1jx2KWZrNdmz8M9li2AGvIpZdzR08oGWIr1NcwA425pusJz0HucePfgApJ34PP36m38W33wClzTbrKkGUfqvLW1Zl8HKTQfdtjyJN8UQQvkbOooZ0ZCwgyPA3aOskgf4WJ16T0adqdFbzaLbD+XFvexgy0YvXfV1Nh92m0vCBjxfkMvQ1yma85BV6wtVlerD4+GDuC6Fe2LYuHoONAjD0xrMH7Kh8/6oEWcy7ZK0ebMs1I28W3NAs0TKaPCAwTV6mH2gNI3GwdJGDLl/4lriGQ==\n"
            },
            "metadata_fingerprint": "XZPgCXZ5lnc=",
            "metadata_startup_script": null,
            "min_cpu_platform": "",
            "name": "terraform-instance-2",
            "network_interface": [
              {
                "access_config": [
                  {
                    "nat_ip": "34.133.73.162",
                    "network_tier": "PREMIUM",
                    "public_ptr_domain_name": ""
                  }
                ],
                "alias_ip_range": [],
                "ipv6_access_config": [],
                "ipv6_access_type": "",
                "name": "nic0",
                "network": "https://www.googleapis.com/compute/v1/projects/gcp-testo1/global/networks/test-network",
                "network_ip": "10.2.0.2",
                "nic_type": "",
                "queue_count": 0,
                "stack_type": "IPV4_ONLY",
                "subnetwork": "https://www.googleapis.com/compute/v1/projects/gcp-testo1/regions/us-central1/subnetworks/test-subnetwork",
                "subnetwork_project": "gcp-testo1"
              }
            ],
            "project": "gcp-testo1",
            "reservation_affinity": [],
            "resource_policies": null,
            "scheduling": [
              {
                "automatic_restart": true,
                "instance_termination_action": "",
                "min_node_cpus": 0,
                "node_affinities": [],
                "on_host_maintenance": "MIGRATE",
                "preemptible": false,
                "provisioning_model": "STANDARD"
              }
            ],
            "scratch_disk": [],
            "self_link": "https://www.googleapis.com/compute/v1/projects/gcp-testo1/zones/us-central1-c/instances/terraform-instance-2",
            "service_account": [],
            "shielded_instance_config": [
              {
                "enable_integrity_monitoring": true,
                "enable_secure_boot": false,
                "enable_vtpm": true
              }
            ],
            "tags": [
              "allow-ssh"
            ],
            "tags_fingerprint": "SFX9LNAOdG8=",
            "timeouts": null,
            "zone": "us-central1-c"
          },
          "sensitive_attributes": [],
          "private": "eyJlMmJmYjczMC1lY2FhLTExZTYtOGY4OC0zNDM2M2JjN2M0YzAiOnsiY3JlYXRlIjoxMjAwMDAwMDAwMDAwLCJkZWxldGUiOjEyMDAwMDAwMDAwMDAsInVwZGF0ZSI6MTIwMDAwMDAwMDAwMH0sInNjaGVtYV92ZXJzaW9uIjoiNiJ9",
          "dependencies": [
            "google_compute_network.custom-test",
            "google_compute_subnetwork.network-1",
            "tls_private_key.ssh"
          ]
        }
      ]
    },
    {
      "mode": "managed",
      "type": "google_compute_network",
      "name": "custom-test",
      "provider": "provider[\"registry.terraform.io/hashicorp/google\"]",
      "instances": [
        {
          "schema_version": 0,
          "attributes": {
            "auto_create_subnetworks": false,
            "delete_default_routes_on_create": false,
            "description": "",
            "enable_ula_internal_ipv6": false,
            "gateway_ipv4": "",
            "id": "projects/gcp-testo1/global/networks/test-network",
            "internal_ipv6_range": "",
            "mtu": 0,
            "name": "test-network",
            "project": "gcp-testo1",
            "routing_mode": "REGIONAL",
            "self_link": "https://www.googleapis.com/compute/v1/projects/gcp-testo1/global/networks/test-network",
            "timeouts": null
          },
          "sensitive_attributes": [],
          "private": "eyJlMmJmYjczMC1lY2FhLTExZTYtOGY4OC0zNDM2M2JjN2M0YzAiOnsiY3JlYXRlIjoxMjAwMDAwMDAwMDAwLCJkZWxldGUiOjEyMDAwMDAwMDAwMDAsInVwZGF0ZSI6MTIwMDAwMDAwMDAwMH19"
        }
      ]
    },
    {
      "mode": "managed",
      "type": "google_compute_subnetwork",
      "name": "network-1",
      "provider": "provider[\"registry.terraform.io/hashicorp/google\"]",
      "instances": [
        {
          "schema_version": 0,
          "attributes": {
            "creation_timestamp": "2022-09-29T08:59:45.787-07:00",
            "description": "",
            "external_ipv6_prefix": "",
            "fingerprint": null,
            "gateway_address": "10.2.0.1",
            "id": "projects/gcp-testo1/regions/us-central1/subnetworks/test-subnetwork",
            "ip_cidr_range": "10.2.0.0/16",
            "ipv6_access_type": "",
            "ipv6_cidr_range": "",
            "log_config": [],
            "name": "test-subnetwork",
            "network": "https://www.googleapis.com/compute/v1/projects/gcp-testo1/global/networks/test-network",
            "private_ip_google_access": false,
            "private_ipv6_google_access": "DISABLE_GOOGLE_ACCESS",
            "project": "gcp-testo1",
            "purpose": "PRIVATE",
            "region": "us-central1",
            "role": "",
            "secondary_ip_range": [],
            "self_link": "https://www.googleapis.com/compute/v1/projects/gcp-testo1/regions/us-central1/subnetworks/test-subnetwork",
            "stack_type": "IPV4_ONLY",
            "timeouts": null
          },
          "sensitive_attributes": [],
          "private": "eyJlMmJmYjczMC1lY2FhLTExZTYtOGY4OC0zNDM2M2JjN2M0YzAiOnsiY3JlYXRlIjoxMjAwMDAwMDAwMDAwLCJkZWxldGUiOjEyMDAwMDAwMDAwMDAsInVwZGF0ZSI6MTIwMDAwMDAwMDAwMH19",
          "dependencies": [
            "google_compute_network.custom-test"
          ]
        }
      ]
    },
    {
      "mode": "managed",
      "type": "google_project_service",
      "name": "cloud_resource_manager",
      "provider": "provider[\"registry.terraform.io/hashicorp/google\"]",
      "instances": [
        {
          "schema_version": 0,
          "attributes": {
            "disable_dependent_services": null,
            "disable_on_destroy": false,
            "id": "gcp-testo1/cloudresourcemanager.googleapis.com",
            "project": "gcp-testo1",
            "service": "cloudresourcemanager.googleapis.com",
            "timeouts": null
          },
          "sensitive_attributes": [],
          "private": "eyJlMmJmYjczMC1lY2FhLTExZTYtOGY4OC0zNDM2M2JjN2M0YzAiOnsiY3JlYXRlIjoxMjAwMDAwMDAwMDAwLCJkZWxldGUiOjEyMDAwMDAwMDAwMDAsInJlYWQiOjYwMDAwMDAwMDAwMCwidXBkYXRlIjoxMjAwMDAwMDAwMDAwfX0="
        }
      ]
    },
    {
      "mode": "managed",
      "type": "google_project_service",
      "name": "compute",
      "provider": "provider[\"registry.terraform.io/hashicorp/google\"]",
      "instances": [
        {
          "schema_version": 0,
          "attributes": {
            "disable_dependent_services": null,
            "disable_on_destroy": false,
            "id": "gcp-testo1/compute.googleapis.com",
            "project": "gcp-testo1",
            "service": "compute.googleapis.com",
            "timeouts": null
          },
          "sensitive_attributes": [],
          "private": "eyJlMmJmYjczMC1lY2FhLTExZTYtOGY4OC0zNDM2M2JjN2M0YzAiOnsiY3JlYXRlIjoxMjAwMDAwMDAwMDAwLCJkZWxldGUiOjEyMDAwMDAwMDAwMDAsInJlYWQiOjYwMDAwMDAwMDAwMCwidXBkYXRlIjoxMjAwMDAwMDAwMDAwfX0="
        }
      ]
    },
    {
      "mode": "managed",
      "type": "local_file",
      "name": "authorized_key_pem",
      "provider": "provider[\"registry.terraform.io/hashicorp/local\"]",
      "instances": [
        {
          "schema_version": 0,
          "attributes": {
            "content": "ssh-rsa AAAAB3NzaC1yc2EAAAADAQABAAACAQCsCk0QrGpZmJZ5ZO5dyOlF9ZSYnLh/JdHdj3Eq9AaL2BO63TPKwVFep/PxmY7vpI9aAih/tkKabP/jSKpsIcJQ5WkQvOMhZH++Ree26OH/bFQi05E+nS90RGo8t7SBH8DFcNzUw4rYAqKtXD2Hj8ZxZgKAsoRocWGo4vuI9P6VF8LrgaVZOZwVoWPtBVf1DE3Y1SEYyZWsLfi/XQSH596wckqMvCIP3QSA6N1Vb11C1HO4ULu9Ezxh3Cf8bNeKdUT9XTgW40jfdYC/JKdu6Us3f9lxAXHwYr2nVhj8sVds1IiYr5okrRjvmc41goUTCTwTaoGUQepbyVUMslwbSJxR4bFhgdMDnXDsMuZcBEM7t9sMwdXKs/YqomivRliH/3TuGyH+sru/sR+g7o5san9z1jx2KWZrNdmz8M9li2AGvIpZdzR08oGWIr1NcwA425pusJz0HucePfgApJ34PP36m38W33wClzTbrKkGUfqvLW1Zl8HKTQfdtjyJN8UQQvkbOooZ0ZCwgyPA3aOskgf4WJ16T0adqdFbzaLbD+XFvexgy0YvXfV1Nh92m0vCBjxfkMvQ1yma85BV6wtVlerD4+GDuC6Fe2LYuHoONAjD0xrMH7Kh8/6oEWcy7ZK0ebMs1I28W3NAs0TKaPCAwTV6mH2gNI3GwdJGDLl/4lriGQ==\n",
            "content_base64": null,
            "directory_permission": "0777",
            "file_permission": "0600",
            "filename": "../../.ssh/authorized_keys",
            "id": "2f48fbeafc9074642124ab3db425e88c4ddad645",
            "sensitive_content": null,
            "source": null
          },
          "sensitive_attributes": [],
          "private": "bnVsbA==",
          "dependencies": [
            "tls_private_key.ssh"
          ]
        }
      ]
    },
    {
      "mode": "managed",
      "type": "local_file",
      "name": "inventory",
      "provider": "provider[\"registry.terraform.io/hashicorp/local\"]",
      "instances": [
        {
          "schema_version": 0,
          "attributes": {
            "content": "[webserver]\n10.2.0.3\nlocalhost\n34.133.73.162\n[remote]\n35.194.11.83\n34.133.73.162\n",
            "content_base64": null,
            "directory_permission": "0777",
            "file_permission": "0777",
            "filename": "./../../inventory/hosts.ini",
            "id": "3ecdd889c9b9717e5e5abd25da23f0b8b53d338d",
            "sensitive_content": null,
            "source": null
          },
          "sensitive_attributes": [],
          "private": "bnVsbA==",
          "dependencies": [
            "google_compute_address.static_ip",
            "google_compute_instance.vm_instance",
            "google_compute_instance.vm_instance-2",
            "google_compute_network.custom-test",
            "google_compute_subnetwork.network-1",
            "tls_private_key.ssh"
          ]
        }
      ]
    },
    {
      "mode": "managed",
      "type": "local_file",
      "name": "ssh_private_key_pem",
      "provider": "provider[\"registry.terraform.io/hashicorp/local\"]",
      "instances": [
        {
          "schema_version": 0,
          "attributes": {
            "content": "-----BEGIN RSA PRIVATE KEY-----\nMIIJKAIBAAKCAgEArApNEKxqWZiWeWTuXcjpRfWUmJy4fyXR3Y9xKvQGi9gTut0z\nysFRXqfz8ZmO76SPWgIof7ZCmmz/40iqbCHCUOVpELzjIWR/vkXntujh/2xUItOR\nPp0vdERqPLe0gR/AxXDc1MOK2AKirVw9h4/GcWYCgLKEaHFhqOL7iPT+lRfC64Gl\nWTmcFaFj7QVX9QxN2NUhGMmVrC34v10Eh+fesHJKjLwiD90EgOjdVW9dQtRzuFC7\nvRM8Ydwn/GzXinVE/V04FuNI33WAvySnbulLN3/ZcQFx8GK9p1YY/LFXbNSImK+a\nJK0Y75nONYKFEwk8E2qBlEHqW8lVDLJcG0icUeGxYYHTA51w7DLmXARDO7fbDMHV\nyrP2KqJor0ZYh/907hsh/rK7v7EfoO6ObGp/c9Y8dilmazXZs/DPZYtgBryKWXc0\ndPKBliK9TXMAONuabrCc9B7nHj34AKSd+Dz9+pt/Ft98Apc026ypBlH6ry1tWZfB\nyk0H3bY8iTfFEEL5GzqKGdGQsIMjwN2jrJIH+Fidek9GnanRW82i2w/lxb3sYMtG\nL131dTYfdptLwgY8X5DL0NcpmvOQVesLVZXqw+Phg7guhXti2Lh6DjQIw9MazB+y\nofP+qBFnMu2StHmzLNSNvFtzQLNEymjwgME1eph9oDSNxsHSRgy5f+Ja4hkCAwEA\nAQKCAgAIoO+ikXM4ES4i4owOCiChEKMmUF30ipoPCb28UMbvRqQesC+D0NRa8gOL\nL496t381HXyYgzSt+B+Rb7iUedD8K7VsUHz31MmPaoQnqWCEZhOGN6RGRq31n+TQ\nLMqR21zYykNZLIGPOfqcxU6UuQJT97DScaGwd1dVmCTThq4qHin5k+QOKJSKhTC0\n15rEwJw67t2dF6c5HokmV+z9QATsRp80lc8DiqtKJ+PKAC7mRi+TpAD2h7t0kQ00\nXOUmnaEbMAy7ISUriAIwFA+NwYezPedTAqaLTviCJxBTxDVFUReUyOHrSv9ALS+p\ngWVZQhJQSvw6yl+NwPhSDbQO7kJgx+QZMBXAEfxqrSb1zKS/aEXpqg/0o5lmQoJ/\nq+dSHW2QdIX2WtBzbmRGRFUcMjVfkohWADsEDTAxRwLLfDSzXYxhdxKM1Upyl2WQ\nzuzjmNWxE1Nz3NTqXbGeNCaVSAAr/YAYo7EcEvEAgkig712iOV3snT/+Xs7QJ5pw\nByECQUKMXof4nXmTeahr3oZFuH0aPWGG7NDrVh1nXEAxgF7TwKIcfaJfFH7B+2R0\no1gFANnil+2H99GsrOpW5SytKTeVghJMg+lKNVYUHVdc6zNGD6qSK/cAWcjxtuqq\njjqZh+wmvixg+TGDgmu0cJ0BZOif1gvBsQDWarlEresF62VPrQKCAQEA3KeB2TAY\nvoux3JjXRhkmz9maIr82YqqCiCIffmpGWXEz3FkASb4Xa01L0/oETinUadqaAmuP\nSAkV6mrMweahjrGn9gIWbYq4iFZsEx8brSShCR9013Po8z1keATtY9HoS7o1NZh+\n+YIZd6jK5lQ63a0VwhIQaQp1Ud55NkYomK6edgdYw9r7mfJDtkt9EklqfPkTHTf0\nHXYuGCyRVsGPbL7QKlZOF2Zhc3U0oRk4jXm9JwJU6tU3+T6gXj/GMSUI3VZLIPwo\nSGi2gWWLC+xLcOR5bB6esBAsDFpWnGr4dOBnNxfGpT/v1FKY8y12vT6soPf75NoH\nKuCMHQDLuqJG/wKCAQEAx5k/1FVVlyCttvu+38Rc8i7vn/l5e5UwU4nCm2HpHZbb\nVqmd2mcrSJIHLIqNZEDsTQCy6IRMw9E0Pp5Y2GnGM405X9ygu2HirXiLMrsk/cLW\nEG9O0GKGobmbBiPzhBbPb53GCCVrx6vKwHpVvsjVHph37LE8SA3/60qy0G1GCbZi\nNBcH+Eb2KIUX/QsQDZUQWfxi9pEufbwHBzIVB9rqRJJV2N4RLw0N1GNh2M/9Dzz0\nDHlZ3HgskeCjcPJRy/yUz+KjMgreR5f3bMgqy0Kcwm0CXOGjGNbszfUlxLiJbrDD\naLmM6kQVc5txYHcaYKSUl9YJf97I5E5gC6BqwdUu5wKCAQBzGmJO9JsD0wVuKMCr\njXVEmaOhGpP5Ni8vanV5UWDvSXEfMcJHtYSr8b9rjZFvYLywl1sdhhRRJIQtK5cy\nUufV8vDGEOK4M9P9Mu/frauXT3M9ug4OUiWjtVPSk+dt2dLOpg0ZrzoVV/uHAyMM\nscWfW6ns+dVbphv7IA2k9UY6F2UL9tskF/iFnu4ZixlsT6XgGWISLN0H/V0gOSd7\n1S7HMGaQn0LPTBXrz6krnGd2zZmRXtMDSUSQnU20vJnbixErvNcmFsPAufbyWxEE\noDfeZSC9+N8YwubnbrydjeObvG+7OojiLQ8jeA7XU9EL+US+F35sLBvvDwGoI4Ej\nE4HrAoIBACzhOIj15xjkMCtEz9ZgwMVz6E2AOuCe2w7tmuR1T4Vntkn2OZgyOnlG\n3HYXcVNphbiKv6+oj9o34Bd0Y2XF4tsUliIH6dw4Vk/LGwF9MwQcGyX24THZ9YvH\nwCPRUaARwPLH9w892s46wowk9cLARatrfQurjnJlM3YkhbB34Zetesdbpl8dFZxm\n0M4E/scPDW4uYdIvMtTywmHL0Q7DGonwnXz18ccymDl5XzbxDWWvvvBPGPWJz/u9\nFwL+eYX0dUGJJEjMSM6wTOIY4AZ0I+tTt4RK9/FN4lEtHiDtnXlWJZoWnqjORkSI\nXyXhofy5BPBfICOwZFtxhAcZOuf6l2ECggEBANlP5TOnmnZ8dPqW8Ll+jgIaZHX9\nPnaWJ9Ezzq43Mj/zw86K9/iRGFHy+Ee6uaYHj2dnxkXSIo7b4AOVvwXC7TDyOj1m\n3MVFmSCEfYl4RBPniipF6MfUCEY9ICCh3g0waXGThlznLTHknPppPEo6Eg92lg48\njl7wMYpJK/A8F8N/BV+oqC3hufqkMXfy1C5UXb0xK0VKR56ZyiKw/piNCpGoofov\nBaTKU7iVzf87xvccsSYfIseNBZ6tU+FhvdsHnPmg4/+zwuFrjtTWsnm3Bf0zU32d\n5h5w6UyyHj+W1AvYtH0bT9TmgEZHsDfDFoc2wNiGD5blozl4B9JbHk4Yivw=\n-----END RSA PRIVATE KEY-----\n",
            "content_base64": null,
            "directory_permission": "0777",
            "file_permission": "0600",
            "filename": "../../.ssh/google_compute_engine",
            "id": "8059a9cddf5fcfd927a1670d410ecc5ec2621dc1",
            "sensitive_content": null,
            "source": null
          },
          "sensitive_attributes": [
            [
              {
                "type": "get_attr",
                "value": "content"
              }
            ]
          ],
          "private": "bnVsbA==",
          "dependencies": [
            "tls_private_key.ssh"
          ]
        }
      ]
    },
    {
      "mode": "managed",
      "type": "local_file",
      "name": "ssh_public_key_pem",
      "provider": "provider[\"registry.terraform.io/hashicorp/local\"]",
      "instances": [
        {
          "schema_version": 0,
          "attributes": {
            "content": "ssh-rsa AAAAB3NzaC1yc2EAAAADAQABAAACAQCsCk0QrGpZmJZ5ZO5dyOlF9ZSYnLh/JdHdj3Eq9AaL2BO63TPKwVFep/PxmY7vpI9aAih/tkKabP/jSKpsIcJQ5WkQvOMhZH++Ree26OH/bFQi05E+nS90RGo8t7SBH8DFcNzUw4rYAqKtXD2Hj8ZxZgKAsoRocWGo4vuI9P6VF8LrgaVZOZwVoWPtBVf1DE3Y1SEYyZWsLfi/XQSH596wckqMvCIP3QSA6N1Vb11C1HO4ULu9Ezxh3Cf8bNeKdUT9XTgW40jfdYC/JKdu6Us3f9lxAXHwYr2nVhj8sVds1IiYr5okrRjvmc41goUTCTwTaoGUQepbyVUMslwbSJxR4bFhgdMDnXDsMuZcBEM7t9sMwdXKs/YqomivRliH/3TuGyH+sru/sR+g7o5san9z1jx2KWZrNdmz8M9li2AGvIpZdzR08oGWIr1NcwA425pusJz0HucePfgApJ34PP36m38W33wClzTbrKkGUfqvLW1Zl8HKTQfdtjyJN8UQQvkbOooZ0ZCwgyPA3aOskgf4WJ16T0adqdFbzaLbD+XFvexgy0YvXfV1Nh92m0vCBjxfkMvQ1yma85BV6wtVlerD4+GDuC6Fe2LYuHoONAjD0xrMH7Kh8/6oEWcy7ZK0ebMs1I28W3NAs0TKaPCAwTV6mH2gNI3GwdJGDLl/4lriGQ==\n",
            "content_base64": null,
            "directory_permission": "0777",
            "file_permission": "0600",
            "filename": "../../.ssh/google_compute_engine.pub",
            "id": "2f48fbeafc9074642124ab3db425e88c4ddad645",
            "sensitive_content": null,
            "source": null
          },
          "sensitive_attributes": [],
          "private": "bnVsbA==",
          "dependencies": [
            "tls_private_key.ssh"
          ]
        }
      ]
    },
    {
      "mode": "managed",
      "type": "tls_private_key",
      "name": "ssh",
      "provider": "provider[\"registry.terraform.io/hashicorp/tls\"]",
      "instances": [
        {
          "schema_version": 0,
          "attributes": {
            "algorithm": "RSA",
            "ecdsa_curve": "P224",
            "id": "37653d77acab9b031a4e120331fc578443f4a3a0",
            "private_key_pem": "-----BEGIN RSA PRIVATE KEY-----\nMIIJKAIBAAKCAgEArApNEKxqWZiWeWTuXcjpRfWUmJy4fyXR3Y9xKvQGi9gTut0z\nysFRXqfz8ZmO76SPWgIof7ZCmmz/40iqbCHCUOVpELzjIWR/vkXntujh/2xUItOR\nPp0vdERqPLe0gR/AxXDc1MOK2AKirVw9h4/GcWYCgLKEaHFhqOL7iPT+lRfC64Gl\nWTmcFaFj7QVX9QxN2NUhGMmVrC34v10Eh+fesHJKjLwiD90EgOjdVW9dQtRzuFC7\nvRM8Ydwn/GzXinVE/V04FuNI33WAvySnbulLN3/ZcQFx8GK9p1YY/LFXbNSImK+a\nJK0Y75nONYKFEwk8E2qBlEHqW8lVDLJcG0icUeGxYYHTA51w7DLmXARDO7fbDMHV\nyrP2KqJor0ZYh/907hsh/rK7v7EfoO6ObGp/c9Y8dilmazXZs/DPZYtgBryKWXc0\ndPKBliK9TXMAONuabrCc9B7nHj34AKSd+Dz9+pt/Ft98Apc026ypBlH6ry1tWZfB\nyk0H3bY8iTfFEEL5GzqKGdGQsIMjwN2jrJIH+Fidek9GnanRW82i2w/lxb3sYMtG\nL131dTYfdptLwgY8X5DL0NcpmvOQVesLVZXqw+Phg7guhXti2Lh6DjQIw9MazB+y\nofP+qBFnMu2StHmzLNSNvFtzQLNEymjwgME1eph9oDSNxsHSRgy5f+Ja4hkCAwEA\nAQKCAgAIoO+ikXM4ES4i4owOCiChEKMmUF30ipoPCb28UMbvRqQesC+D0NRa8gOL\nL496t381HXyYgzSt+B+Rb7iUedD8K7VsUHz31MmPaoQnqWCEZhOGN6RGRq31n+TQ\nLMqR21zYykNZLIGPOfqcxU6UuQJT97DScaGwd1dVmCTThq4qHin5k+QOKJSKhTC0\n15rEwJw67t2dF6c5HokmV+z9QATsRp80lc8DiqtKJ+PKAC7mRi+TpAD2h7t0kQ00\nXOUmnaEbMAy7ISUriAIwFA+NwYezPedTAqaLTviCJxBTxDVFUReUyOHrSv9ALS+p\ngWVZQhJQSvw6yl+NwPhSDbQO7kJgx+QZMBXAEfxqrSb1zKS/aEXpqg/0o5lmQoJ/\nq+dSHW2QdIX2WtBzbmRGRFUcMjVfkohWADsEDTAxRwLLfDSzXYxhdxKM1Upyl2WQ\nzuzjmNWxE1Nz3NTqXbGeNCaVSAAr/YAYo7EcEvEAgkig712iOV3snT/+Xs7QJ5pw\nByECQUKMXof4nXmTeahr3oZFuH0aPWGG7NDrVh1nXEAxgF7TwKIcfaJfFH7B+2R0\no1gFANnil+2H99GsrOpW5SytKTeVghJMg+lKNVYUHVdc6zNGD6qSK/cAWcjxtuqq\njjqZh+wmvixg+TGDgmu0cJ0BZOif1gvBsQDWarlEresF62VPrQKCAQEA3KeB2TAY\nvoux3JjXRhkmz9maIr82YqqCiCIffmpGWXEz3FkASb4Xa01L0/oETinUadqaAmuP\nSAkV6mrMweahjrGn9gIWbYq4iFZsEx8brSShCR9013Po8z1keATtY9HoS7o1NZh+\n+YIZd6jK5lQ63a0VwhIQaQp1Ud55NkYomK6edgdYw9r7mfJDtkt9EklqfPkTHTf0\nHXYuGCyRVsGPbL7QKlZOF2Zhc3U0oRk4jXm9JwJU6tU3+T6gXj/GMSUI3VZLIPwo\nSGi2gWWLC+xLcOR5bB6esBAsDFpWnGr4dOBnNxfGpT/v1FKY8y12vT6soPf75NoH\nKuCMHQDLuqJG/wKCAQEAx5k/1FVVlyCttvu+38Rc8i7vn/l5e5UwU4nCm2HpHZbb\nVqmd2mcrSJIHLIqNZEDsTQCy6IRMw9E0Pp5Y2GnGM405X9ygu2HirXiLMrsk/cLW\nEG9O0GKGobmbBiPzhBbPb53GCCVrx6vKwHpVvsjVHph37LE8SA3/60qy0G1GCbZi\nNBcH+Eb2KIUX/QsQDZUQWfxi9pEufbwHBzIVB9rqRJJV2N4RLw0N1GNh2M/9Dzz0\nDHlZ3HgskeCjcPJRy/yUz+KjMgreR5f3bMgqy0Kcwm0CXOGjGNbszfUlxLiJbrDD\naLmM6kQVc5txYHcaYKSUl9YJf97I5E5gC6BqwdUu5wKCAQBzGmJO9JsD0wVuKMCr\njXVEmaOhGpP5Ni8vanV5UWDvSXEfMcJHtYSr8b9rjZFvYLywl1sdhhRRJIQtK5cy\nUufV8vDGEOK4M9P9Mu/frauXT3M9ug4OUiWjtVPSk+dt2dLOpg0ZrzoVV/uHAyMM\nscWfW6ns+dVbphv7IA2k9UY6F2UL9tskF/iFnu4ZixlsT6XgGWISLN0H/V0gOSd7\n1S7HMGaQn0LPTBXrz6krnGd2zZmRXtMDSUSQnU20vJnbixErvNcmFsPAufbyWxEE\noDfeZSC9+N8YwubnbrydjeObvG+7OojiLQ8jeA7XU9EL+US+F35sLBvvDwGoI4Ej\nE4HrAoIBACzhOIj15xjkMCtEz9ZgwMVz6E2AOuCe2w7tmuR1T4Vntkn2OZgyOnlG\n3HYXcVNphbiKv6+oj9o34Bd0Y2XF4tsUliIH6dw4Vk/LGwF9MwQcGyX24THZ9YvH\nwCPRUaARwPLH9w892s46wowk9cLARatrfQurjnJlM3YkhbB34Zetesdbpl8dFZxm\n0M4E/scPDW4uYdIvMtTywmHL0Q7DGonwnXz18ccymDl5XzbxDWWvvvBPGPWJz/u9\nFwL+eYX0dUGJJEjMSM6wTOIY4AZ0I+tTt4RK9/FN4lEtHiDtnXlWJZoWnqjORkSI\nXyXhofy5BPBfICOwZFtxhAcZOuf6l2ECggEBANlP5TOnmnZ8dPqW8Ll+jgIaZHX9\nPnaWJ9Ezzq43Mj/zw86K9/iRGFHy+Ee6uaYHj2dnxkXSIo7b4AOVvwXC7TDyOj1m\n3MVFmSCEfYl4RBPniipF6MfUCEY9ICCh3g0waXGThlznLTHknPppPEo6Eg92lg48\njl7wMYpJK/A8F8N/BV+oqC3hufqkMXfy1C5UXb0xK0VKR56ZyiKw/piNCpGoofov\nBaTKU7iVzf87xvccsSYfIseNBZ6tU+FhvdsHnPmg4/+zwuFrjtTWsnm3Bf0zU32d\n5h5w6UyyHj+W1AvYtH0bT9TmgEZHsDfDFoc2wNiGD5blozl4B9JbHk4Yivw=\n-----END RSA PRIVATE KEY-----\n",
            "public_key_fingerprint_md5": "69:8b:0d:97:a3:83:2d:fb:d4:18:e6:31:f5:d8:92:3a",
            "public_key_openssh": "ssh-rsa AAAAB3NzaC1yc2EAAAADAQABAAACAQCsCk0QrGpZmJZ5ZO5dyOlF9ZSYnLh/JdHdj3Eq9AaL2BO63TPKwVFep/PxmY7vpI9aAih/tkKabP/jSKpsIcJQ5WkQvOMhZH++Ree26OH/bFQi05E+nS90RGo8t7SBH8DFcNzUw4rYAqKtXD2Hj8ZxZgKAsoRocWGo4vuI9P6VF8LrgaVZOZwVoWPtBVf1DE3Y1SEYyZWsLfi/XQSH596wckqMvCIP3QSA6N1Vb11C1HO4ULu9Ezxh3Cf8bNeKdUT9XTgW40jfdYC/JKdu6Us3f9lxAXHwYr2nVhj8sVds1IiYr5okrRjvmc41goUTCTwTaoGUQepbyVUMslwbSJxR4bFhgdMDnXDsMuZcBEM7t9sMwdXKs/YqomivRliH/3TuGyH+sru/sR+g7o5san9z1jx2KWZrNdmz8M9li2AGvIpZdzR08oGWIr1NcwA425pusJz0HucePfgApJ34PP36m38W33wClzTbrKkGUfqvLW1Zl8HKTQfdtjyJN8UQQvkbOooZ0ZCwgyPA3aOskgf4WJ16T0adqdFbzaLbD+XFvexgy0YvXfV1Nh92m0vCBjxfkMvQ1yma85BV6wtVlerD4+GDuC6Fe2LYuHoONAjD0xrMH7Kh8/6oEWcy7ZK0ebMs1I28W3NAs0TKaPCAwTV6mH2gNI3GwdJGDLl/4lriGQ==\n",
            "public_key_pem": "-----BEGIN PUBLIC KEY-----\nMIICIjANBgkqhkiG9w0BAQEFAAOCAg8AMIICCgKCAgEArApNEKxqWZiWeWTuXcjp\nRfWUmJy4fyXR3Y9xKvQGi9gTut0zysFRXqfz8ZmO76SPWgIof7ZCmmz/40iqbCHC\nUOVpELzjIWR/vkXntujh/2xUItORPp0vdERqPLe0gR/AxXDc1MOK2AKirVw9h4/G\ncWYCgLKEaHFhqOL7iPT+lRfC64GlWTmcFaFj7QVX9QxN2NUhGMmVrC34v10Eh+fe\nsHJKjLwiD90EgOjdVW9dQtRzuFC7vRM8Ydwn/GzXinVE/V04FuNI33WAvySnbulL\nN3/ZcQFx8GK9p1YY/LFXbNSImK+aJK0Y75nONYKFEwk8E2qBlEHqW8lVDLJcG0ic\nUeGxYYHTA51w7DLmXARDO7fbDMHVyrP2KqJor0ZYh/907hsh/rK7v7EfoO6ObGp/\nc9Y8dilmazXZs/DPZYtgBryKWXc0dPKBliK9TXMAONuabrCc9B7nHj34AKSd+Dz9\n+pt/Ft98Apc026ypBlH6ry1tWZfByk0H3bY8iTfFEEL5GzqKGdGQsIMjwN2jrJIH\n+Fidek9GnanRW82i2w/lxb3sYMtGL131dTYfdptLwgY8X5DL0NcpmvOQVesLVZXq\nw+Phg7guhXti2Lh6DjQIw9MazB+yofP+qBFnMu2StHmzLNSNvFtzQLNEymjwgME1\neph9oDSNxsHSRgy5f+Ja4hkCAwEAAQ==\n-----END PUBLIC KEY-----\n",
            "rsa_bits": 4096
          },
          "sensitive_attributes": [],
          "private": "bnVsbA=="
        }
      ]
    }
  ],
  "check_results": []
}
